// !$*UTF8*$!
{
	archiveVersion = 1;
	classes = {
	};
	objectVersion = 46;
	objects = {

/* Begin PBXBuildFile section */
		180909141D48CBF7004C47F9 /* MCContent.m in Sources */ = {isa = PBXBuildFile; fileRef = 1809090D1D48CBF7004C47F9 /* MCContent.m */; };
		180909151D48CBF7004C47F9 /* MCLeftSliderManager.m in Sources */ = {isa = PBXBuildFile; fileRef = 1809090F1D48CBF7004C47F9 /* MCLeftSliderManager.m */; };
		180909161D48CBF7004C47F9 /* MCLeftSlideViewController.m in Sources */ = {isa = PBXBuildFile; fileRef = 180909111D48CBF7004C47F9 /* MCLeftSlideViewController.m */; };
		1809091A1D48CC0B004C47F9 /* MCFirstPageVIewController.m in Sources */ = {isa = PBXBuildFile; fileRef = 180909191D48CC0B004C47F9 /* MCFirstPageVIewController.m */; };
		1809091D1D48CC5E004C47F9 /* MCLeftSortsViewController.m in Sources */ = {isa = PBXBuildFile; fileRef = 1809091C1D48CC5E004C47F9 /* MCLeftSortsViewController.m */; };
		180909211D48CD06004C47F9 /* MCMainNavgationVC.m in Sources */ = {isa = PBXBuildFile; fileRef = 180909201D48CD06004C47F9 /* MCMainNavgationVC.m */; };
		180909251D48CE69004C47F9 /* MCOtherViewController.m in Sources */ = {isa = PBXBuildFile; fileRef = 180909241D48CE69004C47F9 /* MCOtherViewController.m */; };
		1809122D1D66B370003F51A5 /* CustomAlertView.m in Sources */ = {isa = PBXBuildFile; fileRef = 1809122C1D66B370003F51A5 /* CustomAlertView.m */; };
		1809122F1D66B74A003F51A5 /* bg.png in Resources */ = {isa = PBXBuildFile; fileRef = 1809122E1D66B74A003F51A5 /* bg.png */; };
		180912331D66BB1D003F51A5 /* TPTDutyVC.m in Sources */ = {isa = PBXBuildFile; fileRef = 180912321D66BB1D003F51A5 /* TPTDutyVC.m */; };
		180912381D66BC1D003F51A5 /* TPTdutyCell.m in Sources */ = {isa = PBXBuildFile; fileRef = 180912361D66BC1D003F51A5 /* TPTdutyCell.m */; };
		180912391D66BC1D003F51A5 /* TPTdutyCell.xib in Resources */ = {isa = PBXBuildFile; fileRef = 180912371D66BC1D003F51A5 /* TPTdutyCell.xib */; };
		1809123C1D66D8F3003F51A5 /* TPTNewDutyCell.m in Sources */ = {isa = PBXBuildFile; fileRef = 1809123B1D66D8F3003F51A5 /* TPTNewDutyCell.m */; };
		180912441D66D915003F51A5 /* UITableViewCell+WHC_AutoHeightForCell.m in Sources */ = {isa = PBXBuildFile; fileRef = 1809123F1D66D915003F51A5 /* UITableViewCell+WHC_AutoHeightForCell.m */; };
		180912451D66D915003F51A5 /* UIView+WHC_AutoLayout.m in Sources */ = {isa = PBXBuildFile; fileRef = 180912411D66D915003F51A5 /* UIView+WHC_AutoLayout.m */; };
		180912461D66D915003F51A5 /* WHC_StackView.m in Sources */ = {isa = PBXBuildFile; fileRef = 180912431D66D915003F51A5 /* WHC_StackView.m */; };
		1809124A1D66EF1A003F51A5 /* TPTDeviceInfoVC.m in Sources */ = {isa = PBXBuildFile; fileRef = 180912491D66EF1A003F51A5 /* TPTDeviceInfoVC.m */; };
		1809124E1D66EF42003F51A5 /* TPTDeviceInfoCell.m in Sources */ = {isa = PBXBuildFile; fileRef = 1809124D1D66EF42003F51A5 /* TPTDeviceInfoCell.m */; };
		180912511D66F724003F51A5 /* ZCUserModel.m in Sources */ = {isa = PBXBuildFile; fileRef = 180912501D66F724003F51A5 /* ZCUserModel.m */; };
		1810D9BC1D587F4600C1DB65 /* SNChart.m in Sources */ = {isa = PBXBuildFile; fileRef = 1810D9B41D587F4600C1DB65 /* SNChart.m */; };
		1810D9BD1D587F4600C1DB65 /* SNChartBar.m in Sources */ = {isa = PBXBuildFile; fileRef = 1810D9B61D587F4600C1DB65 /* SNChartBar.m */; };
		1810D9BE1D587F4600C1DB65 /* SNChartLine.m in Sources */ = {isa = PBXBuildFile; fileRef = 1810D9B81D587F4600C1DB65 /* SNChartLine.m */; };
		1810D9BF1D587F4600C1DB65 /* UIBezierPath+curved.m in Sources */ = {isa = PBXBuildFile; fileRef = 1810D9BA1D587F4600C1DB65 /* UIBezierPath+curved.m */; };
		1810D9C01D587F4600C1DB65 /* 气泡.png in Resources */ = {isa = PBXBuildFile; fileRef = 1810D9BB1D587F4600C1DB65 /* 气泡.png */; };
		1810D9C31D588AEE00C1DB65 /* TPTool.m in Sources */ = {isa = PBXBuildFile; fileRef = 1810D9C21D588AEE00C1DB65 /* TPTool.m */; };
		1810D9C61D58902400C1DB65 /* NSString+DZCategory.m in Sources */ = {isa = PBXBuildFile; fileRef = 1810D9C51D58902400C1DB65 /* NSString+DZCategory.m */; };
		1869DD7E1D40C21700BA6526 /* PeripheralInfo.m in Sources */ = {isa = PBXBuildFile; fileRef = 1869DD7D1D40C21700BA6526 /* PeripheralInfo.m */; };
		1872A2BE1D619E4A0049C7FE /* TPChart.m in Sources */ = {isa = PBXBuildFile; fileRef = 1872A2BD1D619E4A0049C7FE /* TPChart.m */; };
		1872A2C11D619E610049C7FE /* TPChartLine.m in Sources */ = {isa = PBXBuildFile; fileRef = 1872A2C01D619E610049C7FE /* TPChartLine.m */; };
		187550E81D5D98C700648557 /* TPTHistoryVC.m in Sources */ = {isa = PBXBuildFile; fileRef = 187550E71D5D98C700648557 /* TPTHistoryVC.m */; };
		187550EC1D5D9DE500648557 /* WBCacheTool.m in Sources */ = {isa = PBXBuildFile; fileRef = 187550EB1D5D9DE500648557 /* WBCacheTool.m */; };
		187550EF1D5D9E3C00648557 /* WBTemperature.m in Sources */ = {isa = PBXBuildFile; fileRef = 187550EE1D5D9E3C00648557 /* WBTemperature.m */; };
		187550F31D5DA6EC00648557 /* TPTStateCacheTool.m in Sources */ = {isa = PBXBuildFile; fileRef = 187550F21D5DA6EC00648557 /* TPTStateCacheTool.m */; };
		187550F71D5DB3B700648557 /* TPTHistoryCell.m in Sources */ = {isa = PBXBuildFile; fileRef = 187550F51D5DB3B700648557 /* TPTHistoryCell.m */; };
		187550F81D5DB3B700648557 /* TPTHistoryCell.xib in Resources */ = {isa = PBXBuildFile; fileRef = 187550F61D5DB3B700648557 /* TPTHistoryCell.xib */; };
		18A3E0291D49EFB600FCFF01 /* XPQRotateDials.m in Sources */ = {isa = PBXBuildFile; fileRef = 18A3E0281D49EFB600FCFF01 /* XPQRotateDials.m */; };
		18B23CEF1D41CC3B00CE9AA6 /* ShareSDK.framework in Frameworks */ = {isa = PBXBuildFile; fileRef = 18B23CCD1D41CC3B00CE9AA6 /* ShareSDK.framework */; };
		18B23CF01D41CC3B00CE9AA6 /* ShareSDKExtension.framework in Frameworks */ = {isa = PBXBuildFile; fileRef = 18B23CD01D41CC3B00CE9AA6 /* ShareSDKExtension.framework */; };
		18B23CF11D41CC3B00CE9AA6 /* ShareSDKUI.bundle in Resources */ = {isa = PBXBuildFile; fileRef = 18B23CD11D41CC3B00CE9AA6 /* ShareSDKUI.bundle */; };
		18B23CF21D41CC3B00CE9AA6 /* ShareSDKUI.framework in Frameworks */ = {isa = PBXBuildFile; fileRef = 18B23CD21D41CC3B00CE9AA6 /* ShareSDKUI.framework */; };
		18B23CF31D41CC3B00CE9AA6 /* TencentOpenAPI.framework in Frameworks */ = {isa = PBXBuildFile; fileRef = 18B23CD51D41CC3B00CE9AA6 /* TencentOpenAPI.framework */; };
		18B23CF41D41CC3B00CE9AA6 /* TencentOpenApi_IOS_Bundle.bundle in Resources */ = {isa = PBXBuildFile; fileRef = 18B23CD61D41CC3B00CE9AA6 /* TencentOpenApi_IOS_Bundle.bundle */; };
		18B23CF51D41CC3B00CE9AA6 /* libWeiboSDK.a in Frameworks */ = {isa = PBXBuildFile; fileRef = 18B23CD81D41CC3B00CE9AA6 /* libWeiboSDK.a */; };
		18B23CF61D41CC3B00CE9AA6 /* WeiboSDK.bundle in Resources */ = {isa = PBXBuildFile; fileRef = 18B23CE21D41CC3B00CE9AA6 /* WeiboSDK.bundle */; };
		18B23CF71D41CC3B00CE9AA6 /* libWeChatSDK.a in Frameworks */ = {isa = PBXBuildFile; fileRef = 18B23CE61D41CC3B00CE9AA6 /* libWeChatSDK.a */; };
		18B23CF81D41CC3C00CE9AA6 /* README.txt in Resources */ = {isa = PBXBuildFile; fileRef = 18B23CE71D41CC3B00CE9AA6 /* README.txt */; };
		18B23CF91D41CC3C00CE9AA6 /* MOBFoundation.framework in Frameworks */ = {isa = PBXBuildFile; fileRef = 18B23CEC1D41CC3B00CE9AA6 /* MOBFoundation.framework */; };
		18B23CFA1D41CC3C00CE9AA6 /* ShareSDK.bundle in Resources */ = {isa = PBXBuildFile; fileRef = 18B23CED1D41CC3B00CE9AA6 /* ShareSDK.bundle */; };
		18B23CFB1D41CC3C00CE9AA6 /* ShareSDKConnector.framework in Frameworks */ = {isa = PBXBuildFile; fileRef = 18B23CEE1D41CC3B00CE9AA6 /* ShareSDKConnector.framework */; };
		18B23CFD1D41CCD000CE9AA6 /* libicucore.tbd in Frameworks */ = {isa = PBXBuildFile; fileRef = 18B23CFC1D41CCD000CE9AA6 /* libicucore.tbd */; };
		18B23CFF1D41CCDB00CE9AA6 /* libz.tbd in Frameworks */ = {isa = PBXBuildFile; fileRef = 18B23CFE1D41CCDB00CE9AA6 /* libz.tbd */; };
		18B23D011D41CCE900CE9AA6 /* libstdc++.tbd in Frameworks */ = {isa = PBXBuildFile; fileRef = 18B23D001D41CCE900CE9AA6 /* libstdc++.tbd */; };
		18B23D031D41CCFE00CE9AA6 /* JavaScriptCore.framework in Frameworks */ = {isa = PBXBuildFile; fileRef = 18B23D021D41CCFE00CE9AA6 /* JavaScriptCore.framework */; };
		18B23D051D41CD2A00CE9AA6 /* ImageIO.framework in Frameworks */ = {isa = PBXBuildFile; fileRef = 18B23D041D41CD2A00CE9AA6 /* ImageIO.framework */; };
		18B23D071D41CD3200CE9AA6 /* AdSupport.framework in Frameworks */ = {isa = PBXBuildFile; fileRef = 18B23D061D41CD3200CE9AA6 /* AdSupport.framework */; };
		18B23D091D41CD4100CE9AA6 /* libsqlite3.tbd in Frameworks */ = {isa = PBXBuildFile; fileRef = 18B23D081D41CD4100CE9AA6 /* libsqlite3.tbd */; };
		18B23D0B1D41CD5700CE9AA6 /* CoreMotion.framework in Frameworks */ = {isa = PBXBuildFile; fileRef = 18B23D0A1D41CD5700CE9AA6 /* CoreMotion.framework */; };
		18B23D0D1D41CD5F00CE9AA6 /* CoreLocation.framework in Frameworks */ = {isa = PBXBuildFile; fileRef = 18B23D0C1D41CD5F00CE9AA6 /* CoreLocation.framework */; };
		18B23D0F1D41CD6E00CE9AA6 /* MediaPlayer.framework in Frameworks */ = {isa = PBXBuildFile; fileRef = 18B23D0E1D41CD6E00CE9AA6 /* MediaPlayer.framework */; };
		18B23D111D41CD7800CE9AA6 /* AssetsLibrary.framework in Frameworks */ = {isa = PBXBuildFile; fileRef = 18B23D101D41CD7800CE9AA6 /* AssetsLibrary.framework */; };
		18B23D131D41CD8200CE9AA6 /* AddressBook.framework in Frameworks */ = {isa = PBXBuildFile; fileRef = 18B23D121D41CD8200CE9AA6 /* AddressBook.framework */; };
		18B23D161D41D2D100CE9AA6 /* AppDelegate+shareSDK.m in Sources */ = {isa = PBXBuildFile; fileRef = 18B23D151D41D2D100CE9AA6 /* AppDelegate+shareSDK.m */; };
		18B953631D49CF5400F2221C /* TPLeftCell.m in Sources */ = {isa = PBXBuildFile; fileRef = 18B953611D49CF5400F2221C /* TPLeftCell.m */; };
		18B953641D49CF5400F2221C /* TPLeftCell.xib in Resources */ = {isa = PBXBuildFile; fileRef = 18B953621D49CF5400F2221C /* TPLeftCell.xib */; };
		18D8679C1D5984E000686AB2 /* UIColor+Hex.m in Sources */ = {isa = PBXBuildFile; fileRef = 18D8679B1D5984E000686AB2 /* UIColor+Hex.m */; };
		18D8679E1D59CE1F00686AB2 /* TPtui.plist in Resources */ = {isa = PBXBuildFile; fileRef = 18D8679D1D59CE1F00686AB2 /* TPtui.plist */; };
		18D867A21D59E35100686AB2 /* IGDisplayer.m in Sources */ = {isa = PBXBuildFile; fileRef = 18D867A11D59E35100686AB2 /* IGDisplayer.m */; };
		18E560CF1D3DBB930053B9A4 /* main.m in Sources */ = {isa = PBXBuildFile; fileRef = 18E560CE1D3DBB930053B9A4 /* main.m */; };
		18E560D21D3DBB930053B9A4 /* AppDelegate.m in Sources */ = {isa = PBXBuildFile; fileRef = 18E560D11D3DBB930053B9A4 /* AppDelegate.m */; };
		18E560D81D3DBB930053B9A4 /* Main.storyboard in Resources */ = {isa = PBXBuildFile; fileRef = 18E560D61D3DBB930053B9A4 /* Main.storyboard */; };
		18E560DA1D3DBB930053B9A4 /* Assets.xcassets in Resources */ = {isa = PBXBuildFile; fileRef = 18E560D91D3DBB930053B9A4 /* Assets.xcassets */; };
		18E560DD1D3DBB930053B9A4 /* LaunchScreen.storyboard in Resources */ = {isa = PBXBuildFile; fileRef = 18E560DB1D3DBB930053B9A4 /* LaunchScreen.storyboard */; };
		18E560E81D3DBB930053B9A4 /* tptTests.m in Sources */ = {isa = PBXBuildFile; fileRef = 18E560E71D3DBB930053B9A4 /* tptTests.m */; };
		18E560F31D3DBB930053B9A4 /* tptUITests.m in Sources */ = {isa = PBXBuildFile; fileRef = 18E560F21D3DBB930053B9A4 /* tptUITests.m */; };
		18E5610A1D3DF6D90053B9A4 /* HYBNetworking.m in Sources */ = {isa = PBXBuildFile; fileRef = 18E561091D3DF6D90053B9A4 /* HYBNetworking.m */; };
		18E5611E1D3E01FF0053B9A4 /* BabyBluetooth.m in Sources */ = {isa = PBXBuildFile; fileRef = 18E5610D1D3E01FF0053B9A4 /* BabyBluetooth.m */; };
		18E5611F1D3E01FF0053B9A4 /* BabyCallback.m in Sources */ = {isa = PBXBuildFile; fileRef = 18E5610F1D3E01FF0053B9A4 /* BabyCallback.m */; };
		18E561201D3E01FF0053B9A4 /* BabyCentralManager.m in Sources */ = {isa = PBXBuildFile; fileRef = 18E561111D3E01FF0053B9A4 /* BabyCentralManager.m */; };
		18E561211D3E01FF0053B9A4 /* BabyDefine.m in Sources */ = {isa = PBXBuildFile; fileRef = 18E561131D3E01FF0053B9A4 /* BabyDefine.m */; };
		18E561221D3E01FF0053B9A4 /* BabyOptions.m in Sources */ = {isa = PBXBuildFile; fileRef = 18E561151D3E01FF0053B9A4 /* BabyOptions.m */; };
		18E561231D3E01FF0053B9A4 /* BabyPeripheralManager.m in Sources */ = {isa = PBXBuildFile; fileRef = 18E561171D3E01FF0053B9A4 /* BabyPeripheralManager.m */; };
		18E561241D3E01FF0053B9A4 /* BabyRhythm.m in Sources */ = {isa = PBXBuildFile; fileRef = 18E561191D3E01FF0053B9A4 /* BabyRhythm.m */; };
		18E561251D3E01FF0053B9A4 /* BabySpeaker.m in Sources */ = {isa = PBXBuildFile; fileRef = 18E5611B1D3E01FF0053B9A4 /* BabySpeaker.m */; };
		18E561261D3E01FF0053B9A4 /* BabyToy.m in Sources */ = {isa = PBXBuildFile; fileRef = 18E5611D1D3E01FF0053B9A4 /* BabyToy.m */; };
		18FD05411D5B3AC9009D4B16 /* TPTSetUpVC.m in Sources */ = {isa = PBXBuildFile; fileRef = 18FD05401D5B3AC9009D4B16 /* TPTSetUpVC.m */; };
		18FD05451D5B3B1B009D4B16 /* TPTSetupCell.m in Sources */ = {isa = PBXBuildFile; fileRef = 18FD05431D5B3B1B009D4B16 /* TPTSetupCell.m */; };
		18FD05461D5B3B1B009D4B16 /* TPTSetupCell.xib in Resources */ = {isa = PBXBuildFile; fileRef = 18FD05441D5B3B1B009D4B16 /* TPTSetupCell.xib */; };
		18FD054A1D5B3B5C009D4B16 /* TPTSetEleCell.m in Sources */ = {isa = PBXBuildFile; fileRef = 18FD05481D5B3B5C009D4B16 /* TPTSetEleCell.m */; };
		18FD054B1D5B3B5C009D4B16 /* TPTSetEleCell.xib in Resources */ = {isa = PBXBuildFile; fileRef = 18FD05491D5B3B5C009D4B16 /* TPTSetEleCell.xib */; };
		18FD054F1D5B3B71009D4B16 /* TPTSetOtherCell.m in Sources */ = {isa = PBXBuildFile; fileRef = 18FD054D1D5B3B71009D4B16 /* TPTSetOtherCell.m */; };
		18FD05501D5B3B71009D4B16 /* TPTSetOtherCell.xib in Resources */ = {isa = PBXBuildFile; fileRef = 18FD054E1D5B3B71009D4B16 /* TPTSetOtherCell.xib */; };
		18FFB3A41D5C28BB00EFE0D3 /* CustomSwitch.m in Sources */ = {isa = PBXBuildFile; fileRef = 18FFB3A21D5C28BB00EFE0D3 /* CustomSwitch.m */; settings = {COMPILER_FLAGS = "-fno-objc-arc"; }; };
		18FFB3A51D5C28BB00EFE0D3 /* CustomSwitch.xib in Resources */ = {isa = PBXBuildFile; fileRef = 18FFB3A31D5C28BB00EFE0D3 /* CustomSwitch.xib */; };
		18FFB3AF1D5C52C400EFE0D3 /* TPTAlertSetupVC.m in Sources */ = {isa = PBXBuildFile; fileRef = 18FFB3AE1D5C52C400EFE0D3 /* TPTAlertSetupVC.m */; };
		18FFB3B31D5C831800EFE0D3 /* alertSetOneCell.m in Sources */ = {isa = PBXBuildFile; fileRef = 18FFB3B11D5C831800EFE0D3 /* alertSetOneCell.m */; };
		18FFB3B41D5C831800EFE0D3 /* alertSetOneCell.xib in Resources */ = {isa = PBXBuildFile; fileRef = 18FFB3B21D5C831800EFE0D3 /* alertSetOneCell.xib */; };
		18FFB3B81D5C833300EFE0D3 /* alertSetTwoCell.m in Sources */ = {isa = PBXBuildFile; fileRef = 18FFB3B61D5C833300EFE0D3 /* alertSetTwoCell.m */; };
		18FFB3B91D5C833300EFE0D3 /* alertSetTwoCell.xib in Resources */ = {isa = PBXBuildFile; fileRef = 18FFB3B71D5C833300EFE0D3 /* alertSetTwoCell.xib */; };
		18FFB3BD1D5C834400EFE0D3 /* alertSetThreeCell.m in Sources */ = {isa = PBXBuildFile; fileRef = 18FFB3BB1D5C834400EFE0D3 /* alertSetThreeCell.m */; };
		18FFB3BE1D5C834400EFE0D3 /* alertSetThreeCell.xib in Resources */ = {isa = PBXBuildFile; fileRef = 18FFB3BC1D5C834400EFE0D3 /* alertSetThreeCell.xib */; };
		18FFB3C21D5C835400EFE0D3 /* alertSetFreeCell.m in Sources */ = {isa = PBXBuildFile; fileRef = 18FFB3C01D5C835400EFE0D3 /* alertSetFreeCell.m */; };
		18FFB3C31D5C835400EFE0D3 /* alertSetFreeCell.xib in Resources */ = {isa = PBXBuildFile; fileRef = 18FFB3C11D5C835400EFE0D3 /* alertSetFreeCell.xib */; };
		65F7D86E2F5D5B266B647E2A /* libPods.a in Frameworks */ = {isa = PBXBuildFile; fileRef = 5FF0E0FFA8A85449D3B61F59 /* libPods.a */; };
		AE29875C1D4C9B3600B50AC2 /* UIViewController+NavBarHidden.m in Sources */ = {isa = PBXBuildFile; fileRef = AE29875B1D4C9B3600B50AC2 /* UIViewController+NavBarHidden.m */; };
		AE2987611D4C9EF300B50AC2 /* TPBaseViewController.m in Sources */ = {isa = PBXBuildFile; fileRef = AE2987601D4C9EF300B50AC2 /* TPBaseViewController.m */; };
		AE6E9B631D4DBF870080116A /* TPTuiViewController.m in Sources */ = {isa = PBXBuildFile; fileRef = AE6E9B621D4DBF870080116A /* TPTuiViewController.m */; };
		AE6E9B661D4DC5C40080116A /* TPTuiSelectView.m in Sources */ = {isa = PBXBuildFile; fileRef = AE6E9B651D4DC5C40080116A /* TPTuiSelectView.m */; };
		AE6E9B6C1D4DD4180080116A /* UIButton+FillColor.m in Sources */ = {isa = PBXBuildFile; fileRef = AE6E9B6B1D4DD4180080116A /* UIButton+FillColor.m */; };
		AE6E9B6F1D4DD99D0080116A /* UIView_extra.m in Sources */ = {isa = PBXBuildFile; fileRef = AE6E9B6E1D4DD99D0080116A /* UIView_extra.m */; };
		AE6E9B731D4DDC820080116A /* TPTuiCell.xib in Resources */ = {isa = PBXBuildFile; fileRef = AE6E9B701D4DDC820080116A /* TPTuiCell.xib */; };
		AE6E9B741D4DDC820080116A /* TPTuiCell.m in Sources */ = {isa = PBXBuildFile; fileRef = AE6E9B711D4DDC820080116A /* TPTuiCell.m */; };
/* End PBXBuildFile section */

/* Begin PBXContainerItemProxy section */
		18E560E41D3DBB930053B9A4 /* PBXContainerItemProxy */ = {
			isa = PBXContainerItemProxy;
			containerPortal = 18E560C21D3DBB930053B9A4 /* Project object */;
			proxyType = 1;
			remoteGlobalIDString = 18E560C91D3DBB930053B9A4;
			remoteInfo = tpt;
		};
		18E560EF1D3DBB930053B9A4 /* PBXContainerItemProxy */ = {
			isa = PBXContainerItemProxy;
			containerPortal = 18E560C21D3DBB930053B9A4 /* Project object */;
			proxyType = 1;
			remoteGlobalIDString = 18E560C91D3DBB930053B9A4;
			remoteInfo = tpt;
		};
/* End PBXContainerItemProxy section */

/* Begin PBXFileReference section */
		180908E51D48AB31004C47F9 /* zh-Hans */ = {isa = PBXFileReference; lastKnownFileType = text.plist.strings; name = "zh-Hans"; path = "zh-Hans.lproj/LaunchScreen.strings"; sourceTree = "<group>"; };
		180908E61D48AB31004C47F9 /* zh-Hans */ = {isa = PBXFileReference; lastKnownFileType = text.plist.strings; name = "zh-Hans"; path = "zh-Hans.lproj/Main.strings"; sourceTree = "<group>"; };
		1809090C1D48CBF7004C47F9 /* MCContent.h */ = {isa = PBXFileReference; fileEncoding = 4; lastKnownFileType = sourcecode.c.h; path = MCContent.h; sourceTree = "<group>"; };
		1809090D1D48CBF7004C47F9 /* MCContent.m */ = {isa = PBXFileReference; fileEncoding = 4; lastKnownFileType = sourcecode.c.objc; path = MCContent.m; sourceTree = "<group>"; };
		1809090E1D48CBF7004C47F9 /* MCLeftSliderManager.h */ = {isa = PBXFileReference; fileEncoding = 4; lastKnownFileType = sourcecode.c.h; path = MCLeftSliderManager.h; sourceTree = "<group>"; };
		1809090F1D48CBF7004C47F9 /* MCLeftSliderManager.m */ = {isa = PBXFileReference; fileEncoding = 4; lastKnownFileType = sourcecode.c.objc; path = MCLeftSliderManager.m; sourceTree = "<group>"; };
		180909101D48CBF7004C47F9 /* MCLeftSlideViewController.h */ = {isa = PBXFileReference; fileEncoding = 4; lastKnownFileType = sourcecode.c.h; path = MCLeftSlideViewController.h; sourceTree = "<group>"; };
		180909111D48CBF7004C47F9 /* MCLeftSlideViewController.m */ = {isa = PBXFileReference; fileEncoding = 4; lastKnownFileType = sourcecode.c.objc; path = MCLeftSlideViewController.m; sourceTree = "<group>"; };
		180909181D48CC0B004C47F9 /* MCFirstPageVIewController.h */ = {isa = PBXFileReference; fileEncoding = 4; lastKnownFileType = sourcecode.c.h; path = MCFirstPageVIewController.h; sourceTree = "<group>"; };
		180909191D48CC0B004C47F9 /* MCFirstPageVIewController.m */ = {isa = PBXFileReference; fileEncoding = 4; lastKnownFileType = sourcecode.c.objc; path = MCFirstPageVIewController.m; sourceTree = "<group>"; };
		1809091B1D48CC5E004C47F9 /* MCLeftSortsViewController.h */ = {isa = PBXFileReference; fileEncoding = 4; lastKnownFileType = sourcecode.c.h; path = MCLeftSortsViewController.h; sourceTree = "<group>"; };
		1809091C1D48CC5E004C47F9 /* MCLeftSortsViewController.m */ = {isa = PBXFileReference; fileEncoding = 4; lastKnownFileType = sourcecode.c.objc; path = MCLeftSortsViewController.m; sourceTree = "<group>"; };
		1809091F1D48CD06004C47F9 /* MCMainNavgationVC.h */ = {isa = PBXFileReference; fileEncoding = 4; lastKnownFileType = sourcecode.c.h; path = MCMainNavgationVC.h; sourceTree = "<group>"; };
		180909201D48CD06004C47F9 /* MCMainNavgationVC.m */ = {isa = PBXFileReference; fileEncoding = 4; lastKnownFileType = sourcecode.c.objc; path = MCMainNavgationVC.m; sourceTree = "<group>"; };
		180909221D48CDBC004C47F9 /* Macro.h */ = {isa = PBXFileReference; fileEncoding = 4; lastKnownFileType = sourcecode.c.h; path = Macro.h; sourceTree = "<group>"; };
		180909231D48CE69004C47F9 /* MCOtherViewController.h */ = {isa = PBXFileReference; fileEncoding = 4; lastKnownFileType = sourcecode.c.h; path = MCOtherViewController.h; sourceTree = "<group>"; };
		180909241D48CE69004C47F9 /* MCOtherViewController.m */ = {isa = PBXFileReference; fileEncoding = 4; lastKnownFileType = sourcecode.c.objc; path = MCOtherViewController.m; sourceTree = "<group>"; };
		1809122B1D66B370003F51A5 /* CustomAlertView.h */ = {isa = PBXFileReference; fileEncoding = 4; lastKnownFileType = sourcecode.c.h; path = CustomAlertView.h; sourceTree = "<group>"; };
		1809122C1D66B370003F51A5 /* CustomAlertView.m */ = {isa = PBXFileReference; fileEncoding = 4; lastKnownFileType = sourcecode.c.objc; path = CustomAlertView.m; sourceTree = "<group>"; };
		1809122E1D66B74A003F51A5 /* bg.png */ = {isa = PBXFileReference; lastKnownFileType = image.png; path = bg.png; sourceTree = "<group>"; };
		180912311D66BB1D003F51A5 /* TPTDutyVC.h */ = {isa = PBXFileReference; fileEncoding = 4; lastKnownFileType = sourcecode.c.h; path = TPTDutyVC.h; sourceTree = "<group>"; };
		180912321D66BB1D003F51A5 /* TPTDutyVC.m */ = {isa = PBXFileReference; fileEncoding = 4; lastKnownFileType = sourcecode.c.objc; path = TPTDutyVC.m; sourceTree = "<group>"; };
		180912351D66BC1D003F51A5 /* TPTdutyCell.h */ = {isa = PBXFileReference; fileEncoding = 4; lastKnownFileType = sourcecode.c.h; path = TPTdutyCell.h; sourceTree = "<group>"; };
		180912361D66BC1D003F51A5 /* TPTdutyCell.m */ = {isa = PBXFileReference; fileEncoding = 4; lastKnownFileType = sourcecode.c.objc; path = TPTdutyCell.m; sourceTree = "<group>"; };
		180912371D66BC1D003F51A5 /* TPTdutyCell.xib */ = {isa = PBXFileReference; fileEncoding = 4; lastKnownFileType = file.xib; path = TPTdutyCell.xib; sourceTree = "<group>"; };
		1809123A1D66D8F3003F51A5 /* TPTNewDutyCell.h */ = {isa = PBXFileReference; fileEncoding = 4; lastKnownFileType = sourcecode.c.h; path = TPTNewDutyCell.h; sourceTree = "<group>"; };
		1809123B1D66D8F3003F51A5 /* TPTNewDutyCell.m */ = {isa = PBXFileReference; fileEncoding = 4; lastKnownFileType = sourcecode.c.objc; path = TPTNewDutyCell.m; sourceTree = "<group>"; };
		1809123E1D66D915003F51A5 /* UITableViewCell+WHC_AutoHeightForCell.h */ = {isa = PBXFileReference; fileEncoding = 4; lastKnownFileType = sourcecode.c.h; path = "UITableViewCell+WHC_AutoHeightForCell.h"; sourceTree = "<group>"; };
		1809123F1D66D915003F51A5 /* UITableViewCell+WHC_AutoHeightForCell.m */ = {isa = PBXFileReference; fileEncoding = 4; lastKnownFileType = sourcecode.c.objc; path = "UITableViewCell+WHC_AutoHeightForCell.m"; sourceTree = "<group>"; };
		180912401D66D915003F51A5 /* UIView+WHC_AutoLayout.h */ = {isa = PBXFileReference; fileEncoding = 4; lastKnownFileType = sourcecode.c.h; path = "UIView+WHC_AutoLayout.h"; sourceTree = "<group>"; };
		180912411D66D915003F51A5 /* UIView+WHC_AutoLayout.m */ = {isa = PBXFileReference; fileEncoding = 4; lastKnownFileType = sourcecode.c.objc; path = "UIView+WHC_AutoLayout.m"; sourceTree = "<group>"; };
		180912421D66D915003F51A5 /* WHC_StackView.h */ = {isa = PBXFileReference; fileEncoding = 4; lastKnownFileType = sourcecode.c.h; path = WHC_StackView.h; sourceTree = "<group>"; };
		180912431D66D915003F51A5 /* WHC_StackView.m */ = {isa = PBXFileReference; fileEncoding = 4; lastKnownFileType = sourcecode.c.objc; path = WHC_StackView.m; sourceTree = "<group>"; };
		180912481D66EF1A003F51A5 /* TPTDeviceInfoVC.h */ = {isa = PBXFileReference; fileEncoding = 4; lastKnownFileType = sourcecode.c.h; path = TPTDeviceInfoVC.h; sourceTree = "<group>"; };
		180912491D66EF1A003F51A5 /* TPTDeviceInfoVC.m */ = {isa = PBXFileReference; fileEncoding = 4; lastKnownFileType = sourcecode.c.objc; path = TPTDeviceInfoVC.m; sourceTree = "<group>"; };
		1809124C1D66EF42003F51A5 /* TPTDeviceInfoCell.h */ = {isa = PBXFileReference; fileEncoding = 4; lastKnownFileType = sourcecode.c.h; path = TPTDeviceInfoCell.h; sourceTree = "<group>"; };
		1809124D1D66EF42003F51A5 /* TPTDeviceInfoCell.m */ = {isa = PBXFileReference; fileEncoding = 4; lastKnownFileType = sourcecode.c.objc; path = TPTDeviceInfoCell.m; sourceTree = "<group>"; };
		1809124F1D66F724003F51A5 /* ZCUserModel.h */ = {isa = PBXFileReference; fileEncoding = 4; lastKnownFileType = sourcecode.c.h; path = ZCUserModel.h; sourceTree = "<group>"; };
		180912501D66F724003F51A5 /* ZCUserModel.m */ = {isa = PBXFileReference; fileEncoding = 4; lastKnownFileType = sourcecode.c.objc; path = ZCUserModel.m; sourceTree = "<group>"; };
		1810D9B31D587F4600C1DB65 /* SNChart.h */ = {isa = PBXFileReference; fileEncoding = 4; lastKnownFileType = sourcecode.c.h; path = SNChart.h; sourceTree = "<group>"; };
		1810D9B41D587F4600C1DB65 /* SNChart.m */ = {isa = PBXFileReference; fileEncoding = 4; lastKnownFileType = sourcecode.c.objc; path = SNChart.m; sourceTree = "<group>"; };
		1810D9B51D587F4600C1DB65 /* SNChartBar.h */ = {isa = PBXFileReference; fileEncoding = 4; lastKnownFileType = sourcecode.c.h; path = SNChartBar.h; sourceTree = "<group>"; };
		1810D9B61D587F4600C1DB65 /* SNChartBar.m */ = {isa = PBXFileReference; fileEncoding = 4; lastKnownFileType = sourcecode.c.objc; path = SNChartBar.m; sourceTree = "<group>"; };
		1810D9B71D587F4600C1DB65 /* SNChartLine.h */ = {isa = PBXFileReference; fileEncoding = 4; lastKnownFileType = sourcecode.c.h; path = SNChartLine.h; sourceTree = "<group>"; };
		1810D9B81D587F4600C1DB65 /* SNChartLine.m */ = {isa = PBXFileReference; fileEncoding = 4; lastKnownFileType = sourcecode.c.objc; path = SNChartLine.m; sourceTree = "<group>"; };
		1810D9B91D587F4600C1DB65 /* UIBezierPath+curved.h */ = {isa = PBXFileReference; fileEncoding = 4; lastKnownFileType = sourcecode.c.h; path = "UIBezierPath+curved.h"; sourceTree = "<group>"; };
		1810D9BA1D587F4600C1DB65 /* UIBezierPath+curved.m */ = {isa = PBXFileReference; fileEncoding = 4; lastKnownFileType = sourcecode.c.objc; path = "UIBezierPath+curved.m"; sourceTree = "<group>"; };
		1810D9BB1D587F4600C1DB65 /* 气泡.png */ = {isa = PBXFileReference; lastKnownFileType = image.png; path = "气泡.png"; sourceTree = "<group>"; };
		1810D9C11D588AEE00C1DB65 /* TPTool.h */ = {isa = PBXFileReference; fileEncoding = 4; lastKnownFileType = sourcecode.c.h; path = TPTool.h; sourceTree = "<group>"; };
		1810D9C21D588AEE00C1DB65 /* TPTool.m */ = {isa = PBXFileReference; fileEncoding = 4; lastKnownFileType = sourcecode.c.objc; path = TPTool.m; sourceTree = "<group>"; };
		1810D9C41D58902400C1DB65 /* NSString+DZCategory.h */ = {isa = PBXFileReference; fileEncoding = 4; lastKnownFileType = sourcecode.c.h; path = "NSString+DZCategory.h"; sourceTree = "<group>"; };
		1810D9C51D58902400C1DB65 /* NSString+DZCategory.m */ = {isa = PBXFileReference; fileEncoding = 4; lastKnownFileType = sourcecode.c.objc; path = "NSString+DZCategory.m"; sourceTree = "<group>"; };
		1869DD7B1D40B24400BA6526 /* TPCommon.h */ = {isa = PBXFileReference; fileEncoding = 4; lastKnownFileType = sourcecode.c.h; path = TPCommon.h; sourceTree = "<group>"; };
		1869DD7C1D40C21700BA6526 /* PeripheralInfo.h */ = {isa = PBXFileReference; fileEncoding = 4; lastKnownFileType = sourcecode.c.h; path = PeripheralInfo.h; sourceTree = "<group>"; };
		1869DD7D1D40C21700BA6526 /* PeripheralInfo.m */ = {isa = PBXFileReference; fileEncoding = 4; lastKnownFileType = sourcecode.c.objc; path = PeripheralInfo.m; sourceTree = "<group>"; };
		1872A2BC1D619E4A0049C7FE /* TPChart.h */ = {isa = PBXFileReference; fileEncoding = 4; lastKnownFileType = sourcecode.c.h; path = TPChart.h; sourceTree = "<group>"; };
		1872A2BD1D619E4A0049C7FE /* TPChart.m */ = {isa = PBXFileReference; fileEncoding = 4; lastKnownFileType = sourcecode.c.objc; path = TPChart.m; sourceTree = "<group>"; };
		1872A2BF1D619E610049C7FE /* TPChartLine.h */ = {isa = PBXFileReference; fileEncoding = 4; lastKnownFileType = sourcecode.c.h; path = TPChartLine.h; sourceTree = "<group>"; };
		1872A2C01D619E610049C7FE /* TPChartLine.m */ = {isa = PBXFileReference; fileEncoding = 4; lastKnownFileType = sourcecode.c.objc; path = TPChartLine.m; sourceTree = "<group>"; };
		187550E61D5D98C700648557 /* TPTHistoryVC.h */ = {isa = PBXFileReference; fileEncoding = 4; lastKnownFileType = sourcecode.c.h; path = TPTHistoryVC.h; sourceTree = "<group>"; };
		187550E71D5D98C700648557 /* TPTHistoryVC.m */ = {isa = PBXFileReference; fileEncoding = 4; lastKnownFileType = sourcecode.c.objc; path = TPTHistoryVC.m; sourceTree = "<group>"; };
		187550EA1D5D9DE500648557 /* WBCacheTool.h */ = {isa = PBXFileReference; fileEncoding = 4; lastKnownFileType = sourcecode.c.h; path = WBCacheTool.h; sourceTree = "<group>"; };
		187550EB1D5D9DE500648557 /* WBCacheTool.m */ = {isa = PBXFileReference; fileEncoding = 4; lastKnownFileType = sourcecode.c.objc; path = WBCacheTool.m; sourceTree = "<group>"; };
		187550ED1D5D9E3C00648557 /* WBTemperature.h */ = {isa = PBXFileReference; fileEncoding = 4; lastKnownFileType = sourcecode.c.h; path = WBTemperature.h; sourceTree = "<group>"; };
		187550EE1D5D9E3C00648557 /* WBTemperature.m */ = {isa = PBXFileReference; fileEncoding = 4; lastKnownFileType = sourcecode.c.objc; path = WBTemperature.m; sourceTree = "<group>"; };
		187550F11D5DA6EC00648557 /* TPTStateCacheTool.h */ = {isa = PBXFileReference; fileEncoding = 4; lastKnownFileType = sourcecode.c.h; path = TPTStateCacheTool.h; sourceTree = "<group>"; };
		187550F21D5DA6EC00648557 /* TPTStateCacheTool.m */ = {isa = PBXFileReference; fileEncoding = 4; lastKnownFileType = sourcecode.c.objc; path = TPTStateCacheTool.m; sourceTree = "<group>"; };
		187550F41D5DB3B700648557 /* TPTHistoryCell.h */ = {isa = PBXFileReference; fileEncoding = 4; lastKnownFileType = sourcecode.c.h; path = TPTHistoryCell.h; sourceTree = "<group>"; };
		187550F51D5DB3B700648557 /* TPTHistoryCell.m */ = {isa = PBXFileReference; fileEncoding = 4; lastKnownFileType = sourcecode.c.objc; path = TPTHistoryCell.m; sourceTree = "<group>"; };
		187550F61D5DB3B700648557 /* TPTHistoryCell.xib */ = {isa = PBXFileReference; fileEncoding = 4; lastKnownFileType = file.xib; path = TPTHistoryCell.xib; sourceTree = "<group>"; };
		18A3E0271D49EFB600FCFF01 /* XPQRotateDials.h */ = {isa = PBXFileReference; fileEncoding = 4; lastKnownFileType = sourcecode.c.h; path = XPQRotateDials.h; sourceTree = "<group>"; };
		18A3E0281D49EFB600FCFF01 /* XPQRotateDials.m */ = {isa = PBXFileReference; fileEncoding = 4; lastKnownFileType = sourcecode.c.objc; path = XPQRotateDials.m; sourceTree = "<group>"; };
		18B23CCD1D41CC3B00CE9AA6 /* ShareSDK.framework */ = {isa = PBXFileReference; lastKnownFileType = wrapper.framework; path = ShareSDK.framework; sourceTree = "<group>"; };
		18B23CD01D41CC3B00CE9AA6 /* ShareSDKExtension.framework */ = {isa = PBXFileReference; lastKnownFileType = wrapper.framework; path = ShareSDKExtension.framework; sourceTree = "<group>"; };
		18B23CD11D41CC3B00CE9AA6 /* ShareSDKUI.bundle */ = {isa = PBXFileReference; lastKnownFileType = "wrapper.plug-in"; path = ShareSDKUI.bundle; sourceTree = "<group>"; };
		18B23CD21D41CC3B00CE9AA6 /* ShareSDKUI.framework */ = {isa = PBXFileReference; lastKnownFileType = wrapper.framework; path = ShareSDKUI.framework; sourceTree = "<group>"; };
		18B23CD51D41CC3B00CE9AA6 /* TencentOpenAPI.framework */ = {isa = PBXFileReference; lastKnownFileType = wrapper.framework; path = TencentOpenAPI.framework; sourceTree = "<group>"; };
		18B23CD61D41CC3B00CE9AA6 /* TencentOpenApi_IOS_Bundle.bundle */ = {isa = PBXFileReference; lastKnownFileType = "wrapper.plug-in"; path = TencentOpenApi_IOS_Bundle.bundle; sourceTree = "<group>"; };
		18B23CD81D41CC3B00CE9AA6 /* libWeiboSDK.a */ = {isa = PBXFileReference; lastKnownFileType = archive.ar; path = libWeiboSDK.a; sourceTree = "<group>"; };
		18B23CD91D41CC3B00CE9AA6 /* WBHttpRequest+WeiboGame.h */ = {isa = PBXFileReference; fileEncoding = 4; lastKnownFileType = sourcecode.c.h; path = "WBHttpRequest+WeiboGame.h"; sourceTree = "<group>"; };
		18B23CDA1D41CC3B00CE9AA6 /* WBHttpRequest+WeiboShare.h */ = {isa = PBXFileReference; fileEncoding = 4; lastKnownFileType = sourcecode.c.h; path = "WBHttpRequest+WeiboShare.h"; sourceTree = "<group>"; };
		18B23CDB1D41CC3B00CE9AA6 /* WBHttpRequest+WeiboToken.h */ = {isa = PBXFileReference; fileEncoding = 4; lastKnownFileType = sourcecode.c.h; path = "WBHttpRequest+WeiboToken.h"; sourceTree = "<group>"; };
		18B23CDC1D41CC3B00CE9AA6 /* WBHttpRequest+WeiboUser.h */ = {isa = PBXFileReference; fileEncoding = 4; lastKnownFileType = sourcecode.c.h; path = "WBHttpRequest+WeiboUser.h"; sourceTree = "<group>"; };
		18B23CDD1D41CC3B00CE9AA6 /* WBHttpRequest.h */ = {isa = PBXFileReference; fileEncoding = 4; lastKnownFileType = sourcecode.c.h; path = WBHttpRequest.h; sourceTree = "<group>"; };
		18B23CDE1D41CC3B00CE9AA6 /* WBSDKBasicButton.h */ = {isa = PBXFileReference; fileEncoding = 4; lastKnownFileType = sourcecode.c.h; path = WBSDKBasicButton.h; sourceTree = "<group>"; };
		18B23CDF1D41CC3B00CE9AA6 /* WBSDKCommentButton.h */ = {isa = PBXFileReference; fileEncoding = 4; lastKnownFileType = sourcecode.c.h; path = WBSDKCommentButton.h; sourceTree = "<group>"; };
		18B23CE01D41CC3B00CE9AA6 /* WBSDKRelationshipButton.h */ = {isa = PBXFileReference; fileEncoding = 4; lastKnownFileType = sourcecode.c.h; path = WBSDKRelationshipButton.h; sourceTree = "<group>"; };
		18B23CE11D41CC3B00CE9AA6 /* WeiboSDK+Statistics.h */ = {isa = PBXFileReference; fileEncoding = 4; lastKnownFileType = sourcecode.c.h; path = "WeiboSDK+Statistics.h"; sourceTree = "<group>"; };
		18B23CE21D41CC3B00CE9AA6 /* WeiboSDK.bundle */ = {isa = PBXFileReference; lastKnownFileType = "wrapper.plug-in"; path = WeiboSDK.bundle; sourceTree = "<group>"; };
		18B23CE31D41CC3B00CE9AA6 /* WeiboSDK.h */ = {isa = PBXFileReference; fileEncoding = 4; lastKnownFileType = sourcecode.c.h; path = WeiboSDK.h; sourceTree = "<group>"; };
		18B23CE41D41CC3B00CE9AA6 /* WeiboUser.h */ = {isa = PBXFileReference; fileEncoding = 4; lastKnownFileType = sourcecode.c.h; path = WeiboUser.h; sourceTree = "<group>"; };
		18B23CE61D41CC3B00CE9AA6 /* libWeChatSDK.a */ = {isa = PBXFileReference; lastKnownFileType = archive.ar; path = libWeChatSDK.a; sourceTree = "<group>"; };
		18B23CE71D41CC3B00CE9AA6 /* README.txt */ = {isa = PBXFileReference; fileEncoding = 4; lastKnownFileType = text; path = README.txt; sourceTree = "<group>"; };
		18B23CE81D41CC3B00CE9AA6 /* WechatAuthSDK.h */ = {isa = PBXFileReference; fileEncoding = 4; lastKnownFileType = sourcecode.c.h; path = WechatAuthSDK.h; sourceTree = "<group>"; };
		18B23CE91D41CC3B00CE9AA6 /* WXApi.h */ = {isa = PBXFileReference; fileEncoding = 4; lastKnownFileType = sourcecode.c.h; path = WXApi.h; sourceTree = "<group>"; };
		18B23CEA1D41CC3B00CE9AA6 /* WXApiObject.h */ = {isa = PBXFileReference; fileEncoding = 4; lastKnownFileType = sourcecode.c.h; path = WXApiObject.h; sourceTree = "<group>"; };
		18B23CEC1D41CC3B00CE9AA6 /* MOBFoundation.framework */ = {isa = PBXFileReference; lastKnownFileType = wrapper.framework; path = MOBFoundation.framework; sourceTree = "<group>"; };
		18B23CED1D41CC3B00CE9AA6 /* ShareSDK.bundle */ = {isa = PBXFileReference; lastKnownFileType = "wrapper.plug-in"; path = ShareSDK.bundle; sourceTree = "<group>"; };
		18B23CEE1D41CC3B00CE9AA6 /* ShareSDKConnector.framework */ = {isa = PBXFileReference; lastKnownFileType = wrapper.framework; path = ShareSDKConnector.framework; sourceTree = "<group>"; };
		18B23CFC1D41CCD000CE9AA6 /* libicucore.tbd */ = {isa = PBXFileReference; lastKnownFileType = "sourcecode.text-based-dylib-definition"; name = libicucore.tbd; path = usr/lib/libicucore.tbd; sourceTree = SDKROOT; };
		18B23CFE1D41CCDB00CE9AA6 /* libz.tbd */ = {isa = PBXFileReference; lastKnownFileType = "sourcecode.text-based-dylib-definition"; name = libz.tbd; path = usr/lib/libz.tbd; sourceTree = SDKROOT; };
		18B23D001D41CCE900CE9AA6 /* libstdc++.tbd */ = {isa = PBXFileReference; lastKnownFileType = "sourcecode.text-based-dylib-definition"; name = "libstdc++.tbd"; path = "usr/lib/libstdc++.tbd"; sourceTree = SDKROOT; };
		18B23D021D41CCFE00CE9AA6 /* JavaScriptCore.framework */ = {isa = PBXFileReference; lastKnownFileType = wrapper.framework; name = JavaScriptCore.framework; path = System/Library/PrivateFrameworks/JavaScriptCore.framework; sourceTree = SDKROOT; };
		18B23D041D41CD2A00CE9AA6 /* ImageIO.framework */ = {isa = PBXFileReference; lastKnownFileType = wrapper.framework; name = ImageIO.framework; path = System/Library/Frameworks/ImageIO.framework; sourceTree = SDKROOT; };
		18B23D061D41CD3200CE9AA6 /* AdSupport.framework */ = {isa = PBXFileReference; lastKnownFileType = wrapper.framework; name = AdSupport.framework; path = System/Library/Frameworks/AdSupport.framework; sourceTree = SDKROOT; };
		18B23D081D41CD4100CE9AA6 /* libsqlite3.tbd */ = {isa = PBXFileReference; lastKnownFileType = "sourcecode.text-based-dylib-definition"; name = libsqlite3.tbd; path = usr/lib/libsqlite3.tbd; sourceTree = SDKROOT; };
		18B23D0A1D41CD5700CE9AA6 /* CoreMotion.framework */ = {isa = PBXFileReference; lastKnownFileType = wrapper.framework; name = CoreMotion.framework; path = System/Library/Frameworks/CoreMotion.framework; sourceTree = SDKROOT; };
		18B23D0C1D41CD5F00CE9AA6 /* CoreLocation.framework */ = {isa = PBXFileReference; lastKnownFileType = wrapper.framework; name = CoreLocation.framework; path = System/Library/Frameworks/CoreLocation.framework; sourceTree = SDKROOT; };
		18B23D0E1D41CD6E00CE9AA6 /* MediaPlayer.framework */ = {isa = PBXFileReference; lastKnownFileType = wrapper.framework; name = MediaPlayer.framework; path = System/Library/Frameworks/MediaPlayer.framework; sourceTree = SDKROOT; };
		18B23D101D41CD7800CE9AA6 /* AssetsLibrary.framework */ = {isa = PBXFileReference; lastKnownFileType = wrapper.framework; name = AssetsLibrary.framework; path = System/Library/Frameworks/AssetsLibrary.framework; sourceTree = SDKROOT; };
		18B23D121D41CD8200CE9AA6 /* AddressBook.framework */ = {isa = PBXFileReference; lastKnownFileType = wrapper.framework; name = AddressBook.framework; path = System/Library/Frameworks/AddressBook.framework; sourceTree = SDKROOT; };
		18B23D141D41D2D100CE9AA6 /* AppDelegate+shareSDK.h */ = {isa = PBXFileReference; fileEncoding = 4; lastKnownFileType = sourcecode.c.h; path = "AppDelegate+shareSDK.h"; sourceTree = "<group>"; };
		18B23D151D41D2D100CE9AA6 /* AppDelegate+shareSDK.m */ = {isa = PBXFileReference; fileEncoding = 4; lastKnownFileType = sourcecode.c.objc; path = "AppDelegate+shareSDK.m"; sourceTree = "<group>"; };
		18B953601D49CF5400F2221C /* TPLeftCell.h */ = {isa = PBXFileReference; fileEncoding = 4; lastKnownFileType = sourcecode.c.h; path = TPLeftCell.h; sourceTree = "<group>"; };
		18B953611D49CF5400F2221C /* TPLeftCell.m */ = {isa = PBXFileReference; fileEncoding = 4; lastKnownFileType = sourcecode.c.objc; path = TPLeftCell.m; sourceTree = "<group>"; };
		18B953621D49CF5400F2221C /* TPLeftCell.xib */ = {isa = PBXFileReference; fileEncoding = 4; lastKnownFileType = file.xib; path = TPLeftCell.xib; sourceTree = "<group>"; };
		18D8679A1D5984E000686AB2 /* UIColor+Hex.h */ = {isa = PBXFileReference; fileEncoding = 4; lastKnownFileType = sourcecode.c.h; path = "UIColor+Hex.h"; sourceTree = "<group>"; };
		18D8679B1D5984E000686AB2 /* UIColor+Hex.m */ = {isa = PBXFileReference; fileEncoding = 4; lastKnownFileType = sourcecode.c.objc; path = "UIColor+Hex.m"; sourceTree = "<group>"; };
		18D8679D1D59CE1F00686AB2 /* TPtui.plist */ = {isa = PBXFileReference; fileEncoding = 4; lastKnownFileType = text.plist.xml; path = TPtui.plist; sourceTree = "<group>"; };
		18D867A01D59E35100686AB2 /* IGDisplayer.h */ = {isa = PBXFileReference; fileEncoding = 4; lastKnownFileType = sourcecode.c.h; path = IGDisplayer.h; sourceTree = "<group>"; };
		18D867A11D59E35100686AB2 /* IGDisplayer.m */ = {isa = PBXFileReference; fileEncoding = 4; lastKnownFileType = sourcecode.c.objc; path = IGDisplayer.m; sourceTree = "<group>"; };
		18E560CA1D3DBB930053B9A4 /* tpt.app */ = {isa = PBXFileReference; explicitFileType = wrapper.application; includeInIndex = 0; path = tpt.app; sourceTree = BUILT_PRODUCTS_DIR; };
		18E560CE1D3DBB930053B9A4 /* main.m */ = {isa = PBXFileReference; lastKnownFileType = sourcecode.c.objc; path = main.m; sourceTree = "<group>"; };
		18E560D01D3DBB930053B9A4 /* AppDelegate.h */ = {isa = PBXFileReference; lastKnownFileType = sourcecode.c.h; path = AppDelegate.h; sourceTree = "<group>"; };
		18E560D11D3DBB930053B9A4 /* AppDelegate.m */ = {isa = PBXFileReference; lastKnownFileType = sourcecode.c.objc; path = AppDelegate.m; sourceTree = "<group>"; };
		18E560D71D3DBB930053B9A4 /* Base */ = {isa = PBXFileReference; lastKnownFileType = file.storyboard; name = Base; path = Base.lproj/Main.storyboard; sourceTree = "<group>"; };
		18E560D91D3DBB930053B9A4 /* Assets.xcassets */ = {isa = PBXFileReference; lastKnownFileType = folder.assetcatalog; path = Assets.xcassets; sourceTree = "<group>"; };
		18E560DC1D3DBB930053B9A4 /* Base */ = {isa = PBXFileReference; lastKnownFileType = file.storyboard; name = Base; path = Base.lproj/LaunchScreen.storyboard; sourceTree = "<group>"; };
		18E560DE1D3DBB930053B9A4 /* Info.plist */ = {isa = PBXFileReference; lastKnownFileType = text.plist.xml; path = Info.plist; sourceTree = "<group>"; };
		18E560E31D3DBB930053B9A4 /* tptTests.xctest */ = {isa = PBXFileReference; explicitFileType = wrapper.cfbundle; includeInIndex = 0; path = tptTests.xctest; sourceTree = BUILT_PRODUCTS_DIR; };
		18E560E71D3DBB930053B9A4 /* tptTests.m */ = {isa = PBXFileReference; lastKnownFileType = sourcecode.c.objc; path = tptTests.m; sourceTree = "<group>"; };
		18E560E91D3DBB930053B9A4 /* Info.plist */ = {isa = PBXFileReference; lastKnownFileType = text.plist.xml; path = Info.plist; sourceTree = "<group>"; };
		18E560EE1D3DBB930053B9A4 /* tptUITests.xctest */ = {isa = PBXFileReference; explicitFileType = wrapper.cfbundle; includeInIndex = 0; path = tptUITests.xctest; sourceTree = BUILT_PRODUCTS_DIR; };
		18E560F21D3DBB930053B9A4 /* tptUITests.m */ = {isa = PBXFileReference; lastKnownFileType = sourcecode.c.objc; path = tptUITests.m; sourceTree = "<group>"; };
		18E560F41D3DBB930053B9A4 /* Info.plist */ = {isa = PBXFileReference; lastKnownFileType = text.plist.xml; path = Info.plist; sourceTree = "<group>"; };
		18E561031D3DDCD10053B9A4 /* PrefixHeader.pch */ = {isa = PBXFileReference; fileEncoding = 4; lastKnownFileType = sourcecode.c.h; path = PrefixHeader.pch; sourceTree = "<group>"; };
		18E561081D3DF6D90053B9A4 /* HYBNetworking.h */ = {isa = PBXFileReference; fileEncoding = 4; lastKnownFileType = sourcecode.c.h; path = HYBNetworking.h; sourceTree = "<group>"; };
		18E561091D3DF6D90053B9A4 /* HYBNetworking.m */ = {isa = PBXFileReference; fileEncoding = 4; lastKnownFileType = sourcecode.c.objc; path = HYBNetworking.m; sourceTree = "<group>"; };
		18E5610C1D3E01FF0053B9A4 /* BabyBluetooth.h */ = {isa = PBXFileReference; fileEncoding = 4; lastKnownFileType = sourcecode.c.h; path = BabyBluetooth.h; sourceTree = "<group>"; };
		18E5610D1D3E01FF0053B9A4 /* BabyBluetooth.m */ = {isa = PBXFileReference; fileEncoding = 4; lastKnownFileType = sourcecode.c.objc; path = BabyBluetooth.m; sourceTree = "<group>"; };
		18E5610E1D3E01FF0053B9A4 /* BabyCallback.h */ = {isa = PBXFileReference; fileEncoding = 4; lastKnownFileType = sourcecode.c.h; path = BabyCallback.h; sourceTree = "<group>"; };
		18E5610F1D3E01FF0053B9A4 /* BabyCallback.m */ = {isa = PBXFileReference; fileEncoding = 4; lastKnownFileType = sourcecode.c.objc; path = BabyCallback.m; sourceTree = "<group>"; };
		18E561101D3E01FF0053B9A4 /* BabyCentralManager.h */ = {isa = PBXFileReference; fileEncoding = 4; lastKnownFileType = sourcecode.c.h; path = BabyCentralManager.h; sourceTree = "<group>"; };
		18E561111D3E01FF0053B9A4 /* BabyCentralManager.m */ = {isa = PBXFileReference; fileEncoding = 4; lastKnownFileType = sourcecode.c.objc; path = BabyCentralManager.m; sourceTree = "<group>"; };
		18E561121D3E01FF0053B9A4 /* BabyDefine.h */ = {isa = PBXFileReference; fileEncoding = 4; lastKnownFileType = sourcecode.c.h; path = BabyDefine.h; sourceTree = "<group>"; };
		18E561131D3E01FF0053B9A4 /* BabyDefine.m */ = {isa = PBXFileReference; fileEncoding = 4; lastKnownFileType = sourcecode.c.objc; path = BabyDefine.m; sourceTree = "<group>"; };
		18E561141D3E01FF0053B9A4 /* BabyOptions.h */ = {isa = PBXFileReference; fileEncoding = 4; lastKnownFileType = sourcecode.c.h; path = BabyOptions.h; sourceTree = "<group>"; };
		18E561151D3E01FF0053B9A4 /* BabyOptions.m */ = {isa = PBXFileReference; fileEncoding = 4; lastKnownFileType = sourcecode.c.objc; path = BabyOptions.m; sourceTree = "<group>"; };
		18E561161D3E01FF0053B9A4 /* BabyPeripheralManager.h */ = {isa = PBXFileReference; fileEncoding = 4; lastKnownFileType = sourcecode.c.h; path = BabyPeripheralManager.h; sourceTree = "<group>"; };
		18E561171D3E01FF0053B9A4 /* BabyPeripheralManager.m */ = {isa = PBXFileReference; fileEncoding = 4; lastKnownFileType = sourcecode.c.objc; path = BabyPeripheralManager.m; sourceTree = "<group>"; };
		18E561181D3E01FF0053B9A4 /* BabyRhythm.h */ = {isa = PBXFileReference; fileEncoding = 4; lastKnownFileType = sourcecode.c.h; path = BabyRhythm.h; sourceTree = "<group>"; };
		18E561191D3E01FF0053B9A4 /* BabyRhythm.m */ = {isa = PBXFileReference; fileEncoding = 4; lastKnownFileType = sourcecode.c.objc; path = BabyRhythm.m; sourceTree = "<group>"; };
		18E5611A1D3E01FF0053B9A4 /* BabySpeaker.h */ = {isa = PBXFileReference; fileEncoding = 4; lastKnownFileType = sourcecode.c.h; path = BabySpeaker.h; sourceTree = "<group>"; };
		18E5611B1D3E01FF0053B9A4 /* BabySpeaker.m */ = {isa = PBXFileReference; fileEncoding = 4; lastKnownFileType = sourcecode.c.objc; path = BabySpeaker.m; sourceTree = "<group>"; };
		18E5611C1D3E01FF0053B9A4 /* BabyToy.h */ = {isa = PBXFileReference; fileEncoding = 4; lastKnownFileType = sourcecode.c.h; path = BabyToy.h; sourceTree = "<group>"; };
		18E5611D1D3E01FF0053B9A4 /* BabyToy.m */ = {isa = PBXFileReference; fileEncoding = 4; lastKnownFileType = sourcecode.c.objc; path = BabyToy.m; sourceTree = "<group>"; };
		18FD053F1D5B3AC9009D4B16 /* TPTSetUpVC.h */ = {isa = PBXFileReference; fileEncoding = 4; lastKnownFileType = sourcecode.c.h; path = TPTSetUpVC.h; sourceTree = "<group>"; };
		18FD05401D5B3AC9009D4B16 /* TPTSetUpVC.m */ = {isa = PBXFileReference; fileEncoding = 4; lastKnownFileType = sourcecode.c.objc; path = TPTSetUpVC.m; sourceTree = "<group>"; };
		18FD05421D5B3B1B009D4B16 /* TPTSetupCell.h */ = {isa = PBXFileReference; fileEncoding = 4; lastKnownFileType = sourcecode.c.h; path = TPTSetupCell.h; sourceTree = "<group>"; };
		18FD05431D5B3B1B009D4B16 /* TPTSetupCell.m */ = {isa = PBXFileReference; fileEncoding = 4; lastKnownFileType = sourcecode.c.objc; path = TPTSetupCell.m; sourceTree = "<group>"; };
		18FD05441D5B3B1B009D4B16 /* TPTSetupCell.xib */ = {isa = PBXFileReference; fileEncoding = 4; lastKnownFileType = file.xib; path = TPTSetupCell.xib; sourceTree = "<group>"; };
		18FD05471D5B3B5C009D4B16 /* TPTSetEleCell.h */ = {isa = PBXFileReference; fileEncoding = 4; lastKnownFileType = sourcecode.c.h; path = TPTSetEleCell.h; sourceTree = "<group>"; };
		18FD05481D5B3B5C009D4B16 /* TPTSetEleCell.m */ = {isa = PBXFileReference; fileEncoding = 4; lastKnownFileType = sourcecode.c.objc; path = TPTSetEleCell.m; sourceTree = "<group>"; };
		18FD05491D5B3B5C009D4B16 /* TPTSetEleCell.xib */ = {isa = PBXFileReference; fileEncoding = 4; lastKnownFileType = file.xib; path = TPTSetEleCell.xib; sourceTree = "<group>"; };
		18FD054C1D5B3B71009D4B16 /* TPTSetOtherCell.h */ = {isa = PBXFileReference; fileEncoding = 4; lastKnownFileType = sourcecode.c.h; path = TPTSetOtherCell.h; sourceTree = "<group>"; };
		18FD054D1D5B3B71009D4B16 /* TPTSetOtherCell.m */ = {isa = PBXFileReference; fileEncoding = 4; lastKnownFileType = sourcecode.c.objc; path = TPTSetOtherCell.m; sourceTree = "<group>"; };
		18FD054E1D5B3B71009D4B16 /* TPTSetOtherCell.xib */ = {isa = PBXFileReference; fileEncoding = 4; lastKnownFileType = file.xib; path = TPTSetOtherCell.xib; sourceTree = "<group>"; };
		18FFB3A11D5C28BB00EFE0D3 /* CustomSwitch.h */ = {isa = PBXFileReference; fileEncoding = 4; lastKnownFileType = sourcecode.c.h; path = CustomSwitch.h; sourceTree = "<group>"; };
		18FFB3A21D5C28BB00EFE0D3 /* CustomSwitch.m */ = {isa = PBXFileReference; fileEncoding = 4; lastKnownFileType = sourcecode.c.objc; path = CustomSwitch.m; sourceTree = "<group>"; };
		18FFB3A31D5C28BB00EFE0D3 /* CustomSwitch.xib */ = {isa = PBXFileReference; fileEncoding = 4; lastKnownFileType = file.xib; path = CustomSwitch.xib; sourceTree = "<group>"; };
		18FFB3AD1D5C52C400EFE0D3 /* TPTAlertSetupVC.h */ = {isa = PBXFileReference; fileEncoding = 4; lastKnownFileType = sourcecode.c.h; path = TPTAlertSetupVC.h; sourceTree = "<group>"; };
		18FFB3AE1D5C52C400EFE0D3 /* TPTAlertSetupVC.m */ = {isa = PBXFileReference; fileEncoding = 4; lastKnownFileType = sourcecode.c.objc; path = TPTAlertSetupVC.m; sourceTree = "<group>"; };
		18FFB3B01D5C831800EFE0D3 /* alertSetOneCell.h */ = {isa = PBXFileReference; fileEncoding = 4; lastKnownFileType = sourcecode.c.h; path = alertSetOneCell.h; sourceTree = "<group>"; };
		18FFB3B11D5C831800EFE0D3 /* alertSetOneCell.m */ = {isa = PBXFileReference; fileEncoding = 4; lastKnownFileType = sourcecode.c.objc; path = alertSetOneCell.m; sourceTree = "<group>"; };
		18FFB3B21D5C831800EFE0D3 /* alertSetOneCell.xib */ = {isa = PBXFileReference; fileEncoding = 4; lastKnownFileType = file.xib; path = alertSetOneCell.xib; sourceTree = "<group>"; };
		18FFB3B51D5C833300EFE0D3 /* alertSetTwoCell.h */ = {isa = PBXFileReference; fileEncoding = 4; lastKnownFileType = sourcecode.c.h; path = alertSetTwoCell.h; sourceTree = "<group>"; };
		18FFB3B61D5C833300EFE0D3 /* alertSetTwoCell.m */ = {isa = PBXFileReference; fileEncoding = 4; lastKnownFileType = sourcecode.c.objc; path = alertSetTwoCell.m; sourceTree = "<group>"; };
		18FFB3B71D5C833300EFE0D3 /* alertSetTwoCell.xib */ = {isa = PBXFileReference; fileEncoding = 4; lastKnownFileType = file.xib; path = alertSetTwoCell.xib; sourceTree = "<group>"; };
		18FFB3BA1D5C834400EFE0D3 /* alertSetThreeCell.h */ = {isa = PBXFileReference; fileEncoding = 4; lastKnownFileType = sourcecode.c.h; path = alertSetThreeCell.h; sourceTree = "<group>"; };
		18FFB3BB1D5C834400EFE0D3 /* alertSetThreeCell.m */ = {isa = PBXFileReference; fileEncoding = 4; lastKnownFileType = sourcecode.c.objc; path = alertSetThreeCell.m; sourceTree = "<group>"; };
		18FFB3BC1D5C834400EFE0D3 /* alertSetThreeCell.xib */ = {isa = PBXFileReference; fileEncoding = 4; lastKnownFileType = file.xib; path = alertSetThreeCell.xib; sourceTree = "<group>"; };
		18FFB3BF1D5C835400EFE0D3 /* alertSetFreeCell.h */ = {isa = PBXFileReference; fileEncoding = 4; lastKnownFileType = sourcecode.c.h; path = alertSetFreeCell.h; sourceTree = "<group>"; };
		18FFB3C01D5C835400EFE0D3 /* alertSetFreeCell.m */ = {isa = PBXFileReference; fileEncoding = 4; lastKnownFileType = sourcecode.c.objc; path = alertSetFreeCell.m; sourceTree = "<group>"; };
		18FFB3C11D5C835400EFE0D3 /* alertSetFreeCell.xib */ = {isa = PBXFileReference; fileEncoding = 4; lastKnownFileType = file.xib; path = alertSetFreeCell.xib; sourceTree = "<group>"; };
		43805D7A71E5C6F3FE52C4CF /* Pods.release.xcconfig */ = {isa = PBXFileReference; includeInIndex = 1; lastKnownFileType = text.xcconfig; name = Pods.release.xcconfig; path = "Pods/Target Support Files/Pods/Pods.release.xcconfig"; sourceTree = "<group>"; };
		5FF0E0FFA8A85449D3B61F59 /* libPods.a */ = {isa = PBXFileReference; explicitFileType = archive.ar; includeInIndex = 0; path = libPods.a; sourceTree = BUILT_PRODUCTS_DIR; };
		AE29875A1D4C9B3600B50AC2 /* UIViewController+NavBarHidden.h */ = {isa = PBXFileReference; fileEncoding = 4; lastKnownFileType = sourcecode.c.h; path = "UIViewController+NavBarHidden.h"; sourceTree = "<group>"; };
		AE29875B1D4C9B3600B50AC2 /* UIViewController+NavBarHidden.m */ = {isa = PBXFileReference; fileEncoding = 4; lastKnownFileType = sourcecode.c.objc; path = "UIViewController+NavBarHidden.m"; sourceTree = "<group>"; };
		AE29875D1D4C9B6600B50AC2 /* TPFoundation.h */ = {isa = PBXFileReference; fileEncoding = 4; lastKnownFileType = sourcecode.c.h; path = TPFoundation.h; sourceTree = "<group>"; };
		AE29875F1D4C9EF300B50AC2 /* TPBaseViewController.h */ = {isa = PBXFileReference; fileEncoding = 4; lastKnownFileType = sourcecode.c.h; path = TPBaseViewController.h; sourceTree = "<group>"; };
		AE2987601D4C9EF300B50AC2 /* TPBaseViewController.m */ = {isa = PBXFileReference; fileEncoding = 4; lastKnownFileType = sourcecode.c.objc; path = TPBaseViewController.m; sourceTree = "<group>"; };
		AE6E9B611D4DBF870080116A /* TPTuiViewController.h */ = {isa = PBXFileReference; fileEncoding = 4; lastKnownFileType = sourcecode.c.h; path = TPTuiViewController.h; sourceTree = "<group>"; };
		AE6E9B621D4DBF870080116A /* TPTuiViewController.m */ = {isa = PBXFileReference; fileEncoding = 4; lastKnownFileType = sourcecode.c.objc; path = TPTuiViewController.m; sourceTree = "<group>"; };
		AE6E9B641D4DC5C40080116A /* TPTuiSelectView.h */ = {isa = PBXFileReference; fileEncoding = 4; lastKnownFileType = sourcecode.c.h; path = TPTuiSelectView.h; sourceTree = "<group>"; };
		AE6E9B651D4DC5C40080116A /* TPTuiSelectView.m */ = {isa = PBXFileReference; fileEncoding = 4; lastKnownFileType = sourcecode.c.objc; path = TPTuiSelectView.m; sourceTree = "<group>"; };
		AE6E9B6A1D4DD4180080116A /* UIButton+FillColor.h */ = {isa = PBXFileReference; fileEncoding = 4; lastKnownFileType = sourcecode.c.h; path = "UIButton+FillColor.h"; sourceTree = "<group>"; };
		AE6E9B6B1D4DD4180080116A /* UIButton+FillColor.m */ = {isa = PBXFileReference; fileEncoding = 4; lastKnownFileType = sourcecode.c.objc; path = "UIButton+FillColor.m"; sourceTree = "<group>"; };
		AE6E9B6D1D4DD99D0080116A /* UIView_extra.h */ = {isa = PBXFileReference; fileEncoding = 4; lastKnownFileType = sourcecode.c.h; path = UIView_extra.h; sourceTree = "<group>"; };
		AE6E9B6E1D4DD99D0080116A /* UIView_extra.m */ = {isa = PBXFileReference; fileEncoding = 4; lastKnownFileType = sourcecode.c.objc; path = UIView_extra.m; sourceTree = "<group>"; };
		AE6E9B701D4DDC820080116A /* TPTuiCell.xib */ = {isa = PBXFileReference; fileEncoding = 4; lastKnownFileType = file.xib; path = TPTuiCell.xib; sourceTree = "<group>"; };
		AE6E9B711D4DDC820080116A /* TPTuiCell.m */ = {isa = PBXFileReference; fileEncoding = 4; lastKnownFileType = sourcecode.c.objc; path = TPTuiCell.m; sourceTree = "<group>"; };
		AE6E9B721D4DDC820080116A /* TPTuiCell.h */ = {isa = PBXFileReference; fileEncoding = 4; lastKnownFileType = sourcecode.c.h; path = TPTuiCell.h; sourceTree = "<group>"; };
		FFAD3A748BD7A4AAE36505A0 /* Pods.debug.xcconfig */ = {isa = PBXFileReference; includeInIndex = 1; lastKnownFileType = text.xcconfig; name = Pods.debug.xcconfig; path = "Pods/Target Support Files/Pods/Pods.debug.xcconfig"; sourceTree = "<group>"; };
/* End PBXFileReference section */

/* Begin PBXFrameworksBuildPhase section */
		18E560C71D3DBB930053B9A4 /* Frameworks */ = {
			isa = PBXFrameworksBuildPhase;
			buildActionMask = 2147483647;
			files = (
				18B23D131D41CD8200CE9AA6 /* AddressBook.framework in Frameworks */,
				18B23D111D41CD7800CE9AA6 /* AssetsLibrary.framework in Frameworks */,
				18B23D0F1D41CD6E00CE9AA6 /* MediaPlayer.framework in Frameworks */,
				18B23D0D1D41CD5F00CE9AA6 /* CoreLocation.framework in Frameworks */,
				18B23D0B1D41CD5700CE9AA6 /* CoreMotion.framework in Frameworks */,
				18B23D091D41CD4100CE9AA6 /* libsqlite3.tbd in Frameworks */,
				18B23D071D41CD3200CE9AA6 /* AdSupport.framework in Frameworks */,
				18B23D051D41CD2A00CE9AA6 /* ImageIO.framework in Frameworks */,
				18B23D031D41CCFE00CE9AA6 /* JavaScriptCore.framework in Frameworks */,
				18B23D011D41CCE900CE9AA6 /* libstdc++.tbd in Frameworks */,
				18B23CFF1D41CCDB00CE9AA6 /* libz.tbd in Frameworks */,
				18B23CFD1D41CCD000CE9AA6 /* libicucore.tbd in Frameworks */,
				18B23CF91D41CC3C00CE9AA6 /* MOBFoundation.framework in Frameworks */,
				18B23CF71D41CC3B00CE9AA6 /* libWeChatSDK.a in Frameworks */,
				18B23CF31D41CC3B00CE9AA6 /* TencentOpenAPI.framework in Frameworks */,
				18B23CF51D41CC3B00CE9AA6 /* libWeiboSDK.a in Frameworks */,
				65F7D86E2F5D5B266B647E2A /* libPods.a in Frameworks */,
				18B23CEF1D41CC3B00CE9AA6 /* ShareSDK.framework in Frameworks */,
				18B23CF01D41CC3B00CE9AA6 /* ShareSDKExtension.framework in Frameworks */,
				18B23CFB1D41CC3C00CE9AA6 /* ShareSDKConnector.framework in Frameworks */,
				18B23CF21D41CC3B00CE9AA6 /* ShareSDKUI.framework in Frameworks */,
			);
			runOnlyForDeploymentPostprocessing = 0;
		};
		18E560E01D3DBB930053B9A4 /* Frameworks */ = {
			isa = PBXFrameworksBuildPhase;
			buildActionMask = 2147483647;
			files = (
			);
			runOnlyForDeploymentPostprocessing = 0;
		};
		18E560EB1D3DBB930053B9A4 /* Frameworks */ = {
			isa = PBXFrameworksBuildPhase;
			buildActionMask = 2147483647;
			files = (
			);
			runOnlyForDeploymentPostprocessing = 0;
		};
/* End PBXFrameworksBuildPhase section */

/* Begin PBXGroup section */
		1809090B1D48CBF7004C47F9 /* LeftSlideViewController */ = {
			isa = PBXGroup;
			children = (
				1809090C1D48CBF7004C47F9 /* MCContent.h */,
				1809090D1D48CBF7004C47F9 /* MCContent.m */,
				1809090E1D48CBF7004C47F9 /* MCLeftSliderManager.h */,
				1809090F1D48CBF7004C47F9 /* MCLeftSliderManager.m */,
				180909101D48CBF7004C47F9 /* MCLeftSlideViewController.h */,
				180909111D48CBF7004C47F9 /* MCLeftSlideViewController.m */,
				AE6E9B6D1D4DD99D0080116A /* UIView_extra.h */,
				AE6E9B6E1D4DD99D0080116A /* UIView_extra.m */,
			);
			path = LeftSlideViewController;
			sourceTree = "<group>";
		};
		1809091E1D48CCEC004C47F9 /* MCNavgation */ = {
			isa = PBXGroup;
			children = (
				1809091F1D48CD06004C47F9 /* MCMainNavgationVC.h */,
				180909201D48CD06004C47F9 /* MCMainNavgationVC.m */,
			);
			name = MCNavgation;
			sourceTree = "<group>";
		};
		180912301D66BA98003F51A5 /* 免责声明 */ = {
			isa = PBXGroup;
			children = (
				180912341D66BBFF003F51A5 /* View */,
				180912311D66BB1D003F51A5 /* TPTDutyVC.h */,
				180912321D66BB1D003F51A5 /* TPTDutyVC.m */,
			);
			name = "免责声明";
			sourceTree = "<group>";
		};
		180912341D66BBFF003F51A5 /* View */ = {
			isa = PBXGroup;
			children = (
				180912351D66BC1D003F51A5 /* TPTdutyCell.h */,
				180912361D66BC1D003F51A5 /* TPTdutyCell.m */,
				180912371D66BC1D003F51A5 /* TPTdutyCell.xib */,
				1809123A1D66D8F3003F51A5 /* TPTNewDutyCell.h */,
				1809123B1D66D8F3003F51A5 /* TPTNewDutyCell.m */,
			);
			name = View;
			sourceTree = "<group>";
		};
		1809123D1D66D915003F51A5 /* WHC_AutoLayoutKit */ = {
			isa = PBXGroup;
			children = (
				1809123E1D66D915003F51A5 /* UITableViewCell+WHC_AutoHeightForCell.h */,
				1809123F1D66D915003F51A5 /* UITableViewCell+WHC_AutoHeightForCell.m */,
				180912401D66D915003F51A5 /* UIView+WHC_AutoLayout.h */,
				180912411D66D915003F51A5 /* UIView+WHC_AutoLayout.m */,
				180912421D66D915003F51A5 /* WHC_StackView.h */,
				180912431D66D915003F51A5 /* WHC_StackView.m */,
			);
			path = WHC_AutoLayoutKit;
			sourceTree = "<group>";
		};
		180912471D66EEBC003F51A5 /* 设备信息 */ = {
			isa = PBXGroup;
			children = (
				1809124B1D66EF22003F51A5 /* View */,
				180912481D66EF1A003F51A5 /* TPTDeviceInfoVC.h */,
				180912491D66EF1A003F51A5 /* TPTDeviceInfoVC.m */,
			);
			name = "设备信息";
			sourceTree = "<group>";
		};
		1809124B1D66EF22003F51A5 /* View */ = {
			isa = PBXGroup;
			children = (
				1809124C1D66EF42003F51A5 /* TPTDeviceInfoCell.h */,
				1809124D1D66EF42003F51A5 /* TPTDeviceInfoCell.m */,
			);
			name = View;
			sourceTree = "<group>";
		};
		1810D9B21D587F4600C1DB65 /* SNChartView */ = {
			isa = PBXGroup;
			children = (
				1810D9B31D587F4600C1DB65 /* SNChart.h */,
				1810D9B41D587F4600C1DB65 /* SNChart.m */,
				1810D9B51D587F4600C1DB65 /* SNChartBar.h */,
				1810D9B61D587F4600C1DB65 /* SNChartBar.m */,
				1810D9B71D587F4600C1DB65 /* SNChartLine.h */,
				1810D9B81D587F4600C1DB65 /* SNChartLine.m */,
				1810D9B91D587F4600C1DB65 /* UIBezierPath+curved.h */,
				1810D9BA1D587F4600C1DB65 /* UIBezierPath+curved.m */,
				1810D9BB1D587F4600C1DB65 /* 气泡.png */,
			);
			path = SNChartView;
			sourceTree = "<group>";
		};
		1869DD741D40B15900BA6526 /* 首页 */ = {
			isa = PBXGroup;
			children = (
				1869DD771D40B18900BA6526 /* Model */,
				1869DD761D40B18000BA6526 /* View */,
				1869DD751D40B16800BA6526 /* ViewController */,
			);
			name = "首页";
			sourceTree = "<group>";
		};
		1869DD751D40B16800BA6526 /* ViewController */ = {
			isa = PBXGroup;
			children = (
				180909181D48CC0B004C47F9 /* MCFirstPageVIewController.h */,
				180909191D48CC0B004C47F9 /* MCFirstPageVIewController.m */,
				1809091B1D48CC5E004C47F9 /* MCLeftSortsViewController.h */,
				1809091C1D48CC5E004C47F9 /* MCLeftSortsViewController.m */,
				180909231D48CE69004C47F9 /* MCOtherViewController.h */,
				180909241D48CE69004C47F9 /* MCOtherViewController.m */,
			);
			name = ViewController;
			sourceTree = "<group>";
		};
		1869DD761D40B18000BA6526 /* View */ = {
			isa = PBXGroup;
			children = (
				18B953601D49CF5400F2221C /* TPLeftCell.h */,
				18B953611D49CF5400F2221C /* TPLeftCell.m */,
				18B953621D49CF5400F2221C /* TPLeftCell.xib */,
				18A3E0271D49EFB600FCFF01 /* XPQRotateDials.h */,
				18A3E0281D49EFB600FCFF01 /* XPQRotateDials.m */,
			);
			name = View;
			sourceTree = "<group>";
		};
		1869DD771D40B18900BA6526 /* Model */ = {
			isa = PBXGroup;
			children = (
				1869DD7C1D40C21700BA6526 /* PeripheralInfo.h */,
				1869DD7D1D40C21700BA6526 /* PeripheralInfo.m */,
			);
			name = Model;
			sourceTree = "<group>";
		};
		1872A2BB1D619E090049C7FE /* TPHistChart */ = {
			isa = PBXGroup;
			children = (
				1872A2BC1D619E4A0049C7FE /* TPChart.h */,
				1872A2BD1D619E4A0049C7FE /* TPChart.m */,
				1872A2BF1D619E610049C7FE /* TPChartLine.h */,
				1872A2C01D619E610049C7FE /* TPChartLine.m */,
			);
			name = TPHistChart;
			sourceTree = "<group>";
		};
		187550E91D5D9DC700648557 /* Tool */ = {
			isa = PBXGroup;
			children = (
				187550F01D5D9E4800648557 /* Model */,
				1810D9C11D588AEE00C1DB65 /* TPTool.h */,
				1810D9C21D588AEE00C1DB65 /* TPTool.m */,
				187550EA1D5D9DE500648557 /* WBCacheTool.h */,
				187550EB1D5D9DE500648557 /* WBCacheTool.m */,
				187550F11D5DA6EC00648557 /* TPTStateCacheTool.h */,
				187550F21D5DA6EC00648557 /* TPTStateCacheTool.m */,
			);
			name = Tool;
			sourceTree = "<group>";
		};
		187550F01D5D9E4800648557 /* Model */ = {
			isa = PBXGroup;
			children = (
				187550ED1D5D9E3C00648557 /* WBTemperature.h */,
				187550EE1D5D9E3C00648557 /* WBTemperature.m */,
			);
			name = Model;
			sourceTree = "<group>";
		};
		18B23CCC1D41CC3B00CE9AA6 /* ShareSDK */ = {
			isa = PBXGroup;
			children = (
				18B23CCD1D41CC3B00CE9AA6 /* ShareSDK.framework */,
				18B23CCE1D41CC3B00CE9AA6 /* Support */,
			);
			path = ShareSDK;
			sourceTree = "<group>";
		};
		18B23CCE1D41CC3B00CE9AA6 /* Support */ = {
			isa = PBXGroup;
			children = (
				18B23CCF1D41CC3B00CE9AA6 /* Optional */,
				18B23CD31D41CC3B00CE9AA6 /* PlatformSDK */,
				18B23CEB1D41CC3B00CE9AA6 /* Required */,
			);
			path = Support;
			sourceTree = "<group>";
		};
		18B23CCF1D41CC3B00CE9AA6 /* Optional */ = {
			isa = PBXGroup;
			children = (
				18B23CD01D41CC3B00CE9AA6 /* ShareSDKExtension.framework */,
				18B23CD11D41CC3B00CE9AA6 /* ShareSDKUI.bundle */,
				18B23CD21D41CC3B00CE9AA6 /* ShareSDKUI.framework */,
			);
			path = Optional;
			sourceTree = "<group>";
		};
		18B23CD31D41CC3B00CE9AA6 /* PlatformSDK */ = {
			isa = PBXGroup;
			children = (
				18B23CD41D41CC3B00CE9AA6 /* QQSDK */,
				18B23CD71D41CC3B00CE9AA6 /* SinaWeiboSDK */,
				18B23CE51D41CC3B00CE9AA6 /* WeChatSDK */,
			);
			path = PlatformSDK;
			sourceTree = "<group>";
		};
		18B23CD41D41CC3B00CE9AA6 /* QQSDK */ = {
			isa = PBXGroup;
			children = (
				18B23CD51D41CC3B00CE9AA6 /* TencentOpenAPI.framework */,
				18B23CD61D41CC3B00CE9AA6 /* TencentOpenApi_IOS_Bundle.bundle */,
			);
			path = QQSDK;
			sourceTree = "<group>";
		};
		18B23CD71D41CC3B00CE9AA6 /* SinaWeiboSDK */ = {
			isa = PBXGroup;
			children = (
				18B23CD81D41CC3B00CE9AA6 /* libWeiboSDK.a */,
				18B23CD91D41CC3B00CE9AA6 /* WBHttpRequest+WeiboGame.h */,
				18B23CDA1D41CC3B00CE9AA6 /* WBHttpRequest+WeiboShare.h */,
				18B23CDB1D41CC3B00CE9AA6 /* WBHttpRequest+WeiboToken.h */,
				18B23CDC1D41CC3B00CE9AA6 /* WBHttpRequest+WeiboUser.h */,
				18B23CDD1D41CC3B00CE9AA6 /* WBHttpRequest.h */,
				18B23CDE1D41CC3B00CE9AA6 /* WBSDKBasicButton.h */,
				18B23CDF1D41CC3B00CE9AA6 /* WBSDKCommentButton.h */,
				18B23CE01D41CC3B00CE9AA6 /* WBSDKRelationshipButton.h */,
				18B23CE11D41CC3B00CE9AA6 /* WeiboSDK+Statistics.h */,
				18B23CE21D41CC3B00CE9AA6 /* WeiboSDK.bundle */,
				18B23CE31D41CC3B00CE9AA6 /* WeiboSDK.h */,
				18B23CE41D41CC3B00CE9AA6 /* WeiboUser.h */,
			);
			path = SinaWeiboSDK;
			sourceTree = "<group>";
		};
		18B23CE51D41CC3B00CE9AA6 /* WeChatSDK */ = {
			isa = PBXGroup;
			children = (
				18B23CE61D41CC3B00CE9AA6 /* libWeChatSDK.a */,
				18B23CE71D41CC3B00CE9AA6 /* README.txt */,
				18B23CE81D41CC3B00CE9AA6 /* WechatAuthSDK.h */,
				18B23CE91D41CC3B00CE9AA6 /* WXApi.h */,
				18B23CEA1D41CC3B00CE9AA6 /* WXApiObject.h */,
			);
			path = WeChatSDK;
			sourceTree = "<group>";
		};
		18B23CEB1D41CC3B00CE9AA6 /* Required */ = {
			isa = PBXGroup;
			children = (
				18B23CEC1D41CC3B00CE9AA6 /* MOBFoundation.framework */,
				18B23CED1D41CC3B00CE9AA6 /* ShareSDK.bundle */,
				18B23CEE1D41CC3B00CE9AA6 /* ShareSDKConnector.framework */,
			);
			path = Required;
			sourceTree = "<group>";
		};
		18D8679F1D59E33A00686AB2 /* IGDisplayer */ = {
			isa = PBXGroup;
			children = (
				18D867A01D59E35100686AB2 /* IGDisplayer.h */,
				18D867A11D59E35100686AB2 /* IGDisplayer.m */,
			);
			name = IGDisplayer;
			sourceTree = "<group>";
		};
		18E560C11D3DBB930053B9A4 = {
			isa = PBXGroup;
			children = (
				18E560CC1D3DBB930053B9A4 /* tpt */,
				18E560E61D3DBB930053B9A4 /* tptTests */,
				18E560F11D3DBB930053B9A4 /* tptUITests */,
				18E560CB1D3DBB930053B9A4 /* Products */,
				4CDB9A7C27DD2B9E55652509 /* Pods */,
				889E37C07B5FAE40C45D0CE3 /* Frameworks */,
			);
			sourceTree = "<group>";
		};
		18E560CB1D3DBB930053B9A4 /* Products */ = {
			isa = PBXGroup;
			children = (
				18E560CA1D3DBB930053B9A4 /* tpt.app */,
				18E560E31D3DBB930053B9A4 /* tptTests.xctest */,
				18E560EE1D3DBB930053B9A4 /* tptUITests.xctest */,
			);
			name = Products;
			sourceTree = "<group>";
		};
		18E560CC1D3DBB930053B9A4 /* tpt */ = {
			isa = PBXGroup;
			children = (
				AE2987571D4C9ACD00B50AC2 /* Foundation */,
				18E561001D3DDBEA0053B9A4 /* Class */,
				18E561021D3DDC150053B9A4 /* Dependency */,
				18E560CD1D3DBB930053B9A4 /* Supporting Files */,
			);
			path = tpt;
			sourceTree = "<group>";
		};
		18E560CD1D3DBB930053B9A4 /* Supporting Files */ = {
			isa = PBXGroup;
			children = (
				18E560D01D3DBB930053B9A4 /* AppDelegate.h */,
				18E560D11D3DBB930053B9A4 /* AppDelegate.m */,
				18B23D141D41D2D100CE9AA6 /* AppDelegate+shareSDK.h */,
				18B23D151D41D2D100CE9AA6 /* AppDelegate+shareSDK.m */,
				18E561031D3DDCD10053B9A4 /* PrefixHeader.pch */,
				1869DD7B1D40B24400BA6526 /* TPCommon.h */,
				180909221D48CDBC004C47F9 /* Macro.h */,
				18E560D91D3DBB930053B9A4 /* Assets.xcassets */,
				18E560DB1D3DBB930053B9A4 /* LaunchScreen.storyboard */,
				18E560DE1D3DBB930053B9A4 /* Info.plist */,
				18E560D61D3DBB930053B9A4 /* Main.storyboard */,
				18E560CE1D3DBB930053B9A4 /* main.m */,
			);
			name = "Supporting Files";
			sourceTree = "<group>";
		};
		18E560E61D3DBB930053B9A4 /* tptTests */ = {
			isa = PBXGroup;
			children = (
				18E560E71D3DBB930053B9A4 /* tptTests.m */,
				18E560E91D3DBB930053B9A4 /* Info.plist */,
			);
			path = tptTests;
			sourceTree = "<group>";
		};
		18E560F11D3DBB930053B9A4 /* tptUITests */ = {
			isa = PBXGroup;
			children = (
				18E560F21D3DBB930053B9A4 /* tptUITests.m */,
				18E560F41D3DBB930053B9A4 /* Info.plist */,
			);
			path = tptUITests;
			sourceTree = "<group>";
		};
		18E561001D3DDBEA0053B9A4 /* Class */ = {
			isa = PBXGroup;
			children = (
				18E561041D3DDD9C0053B9A4 /* 视图层 */,
				18E561051D3DDDA70053B9A4 /* 网络层 */,
				18E561071D3DDDB60053B9A4 /* 服务层 */,
				18E561061D3DDDAF0053B9A4 /* 数据层 */,
			);
			path = Class;
			sourceTree = "<group>";
		};
		18E561021D3DDC150053B9A4 /* Dependency */ = {
			isa = PBXGroup;
			children = (
				18B23CCC1D41CC3B00CE9AA6 /* ShareSDK */,
				18E5610B1D3E01FF0053B9A4 /* BabyBluetooth */,
			);
			path = Dependency;
			sourceTree = "<group>";
		};
		18E561041D3DDD9C0053B9A4 /* 视图层 */ = {
			isa = PBXGroup;
			children = (
				AE2987641D4CAE2D00B50AC2 /* 系统设置 */,
				AE2987631D4CAE2400B50AC2 /* 退烧攻略 */,
				AE2987621D4CAE1400B50AC2 /* 历史记录 */,
				1869DD741D40B15900BA6526 /* 首页 */,
			);
			name = "视图层";
			sourceTree = "<group>";
		};
		18E561051D3DDDA70053B9A4 /* 网络层 */ = {
			isa = PBXGroup;
			children = (
				18E561081D3DF6D90053B9A4 /* HYBNetworking.h */,
				18E561091D3DF6D90053B9A4 /* HYBNetworking.m */,
			);
			name = "网络层";
			sourceTree = "<group>";
		};
		18E561061D3DDDAF0053B9A4 /* 数据层 */ = {
			isa = PBXGroup;
			children = (
				1809124F1D66F724003F51A5 /* ZCUserModel.h */,
				180912501D66F724003F51A5 /* ZCUserModel.m */,
				18D8679D1D59CE1F00686AB2 /* TPtui.plist */,
			);
			name = "数据层";
			sourceTree = "<group>";
		};
		18E561071D3DDDB60053B9A4 /* 服务层 */ = {
			isa = PBXGroup;
			children = (
				1809123D1D66D915003F51A5 /* WHC_AutoLayoutKit */,
				1872A2BB1D619E090049C7FE /* TPHistChart */,
				187550E91D5D9DC700648557 /* Tool */,
				18D8679F1D59E33A00686AB2 /* IGDisplayer */,
				1810D9B21D587F4600C1DB65 /* SNChartView */,
				1809091E1D48CCEC004C47F9 /* MCNavgation */,
				1809090B1D48CBF7004C47F9 /* LeftSlideViewController */,
			);
			name = "服务层";
			sourceTree = "<group>";
		};
		18E5610B1D3E01FF0053B9A4 /* BabyBluetooth */ = {
			isa = PBXGroup;
			children = (
				18E5610C1D3E01FF0053B9A4 /* BabyBluetooth.h */,
				18E5610D1D3E01FF0053B9A4 /* BabyBluetooth.m */,
				18E5610E1D3E01FF0053B9A4 /* BabyCallback.h */,
				18E5610F1D3E01FF0053B9A4 /* BabyCallback.m */,
				18E561101D3E01FF0053B9A4 /* BabyCentralManager.h */,
				18E561111D3E01FF0053B9A4 /* BabyCentralManager.m */,
				18E561121D3E01FF0053B9A4 /* BabyDefine.h */,
				18E561131D3E01FF0053B9A4 /* BabyDefine.m */,
				18E561141D3E01FF0053B9A4 /* BabyOptions.h */,
				18E561151D3E01FF0053B9A4 /* BabyOptions.m */,
				18E561161D3E01FF0053B9A4 /* BabyPeripheralManager.h */,
				18E561171D3E01FF0053B9A4 /* BabyPeripheralManager.m */,
				18E561181D3E01FF0053B9A4 /* BabyRhythm.h */,
				18E561191D3E01FF0053B9A4 /* BabyRhythm.m */,
				18E5611A1D3E01FF0053B9A4 /* BabySpeaker.h */,
				18E5611B1D3E01FF0053B9A4 /* BabySpeaker.m */,
				18E5611C1D3E01FF0053B9A4 /* BabyToy.h */,
				18E5611D1D3E01FF0053B9A4 /* BabyToy.m */,
			);
			path = BabyBluetooth;
			sourceTree = "<group>";
		};
		18FFB3A61D5C4E5500EFE0D3 /* 温度超限报警设置 */ = {
			isa = PBXGroup;
			children = (
				18FFB3A91D5C4E9200EFE0D3 /* Model */,
				18FFB3A81D5C4E8C00EFE0D3 /* View */,
				18FFB3A71D5C4E8600EFE0D3 /* ViewController */,
			);
			name = "温度超限报警设置";
			sourceTree = "<group>";
		};
		18FFB3A71D5C4E8600EFE0D3 /* ViewController */ = {
			isa = PBXGroup;
			children = (
				18FFB3AD1D5C52C400EFE0D3 /* TPTAlertSetupVC.h */,
				18FFB3AE1D5C52C400EFE0D3 /* TPTAlertSetupVC.m */,
			);
			name = ViewController;
			sourceTree = "<group>";
		};
		18FFB3A81D5C4E8C00EFE0D3 /* View */ = {
			isa = PBXGroup;
			children = (
				18FFB3B01D5C831800EFE0D3 /* alertSetOneCell.h */,
				18FFB3B11D5C831800EFE0D3 /* alertSetOneCell.m */,
				18FFB3B21D5C831800EFE0D3 /* alertSetOneCell.xib */,
				18FFB3B51D5C833300EFE0D3 /* alertSetTwoCell.h */,
				18FFB3B61D5C833300EFE0D3 /* alertSetTwoCell.m */,
				18FFB3B71D5C833300EFE0D3 /* alertSetTwoCell.xib */,
				18FFB3BA1D5C834400EFE0D3 /* alertSetThreeCell.h */,
				18FFB3BB1D5C834400EFE0D3 /* alertSetThreeCell.m */,
				18FFB3BC1D5C834400EFE0D3 /* alertSetThreeCell.xib */,
				18FFB3BF1D5C835400EFE0D3 /* alertSetFreeCell.h */,
				18FFB3C01D5C835400EFE0D3 /* alertSetFreeCell.m */,
				18FFB3C11D5C835400EFE0D3 /* alertSetFreeCell.xib */,
				1809122E1D66B74A003F51A5 /* bg.png */,
				1809122B1D66B370003F51A5 /* CustomAlertView.h */,
				1809122C1D66B370003F51A5 /* CustomAlertView.m */,
			);
			name = View;
			sourceTree = "<group>";
		};
		18FFB3A91D5C4E9200EFE0D3 /* Model */ = {
			isa = PBXGroup;
			children = (
			);
			name = Model;
			sourceTree = "<group>";
		};
		4CDB9A7C27DD2B9E55652509 /* Pods */ = {
			isa = PBXGroup;
			children = (
				FFAD3A748BD7A4AAE36505A0 /* Pods.debug.xcconfig */,
				43805D7A71E5C6F3FE52C4CF /* Pods.release.xcconfig */,
			);
			name = Pods;
			sourceTree = "<group>";
		};
		889E37C07B5FAE40C45D0CE3 /* Frameworks */ = {
			isa = PBXGroup;
			children = (
				18B23D121D41CD8200CE9AA6 /* AddressBook.framework */,
				18B23D101D41CD7800CE9AA6 /* AssetsLibrary.framework */,
				18B23D0E1D41CD6E00CE9AA6 /* MediaPlayer.framework */,
				18B23D0C1D41CD5F00CE9AA6 /* CoreLocation.framework */,
				18B23D0A1D41CD5700CE9AA6 /* CoreMotion.framework */,
				18B23D081D41CD4100CE9AA6 /* libsqlite3.tbd */,
				18B23D061D41CD3200CE9AA6 /* AdSupport.framework */,
				18B23D041D41CD2A00CE9AA6 /* ImageIO.framework */,
				18B23D021D41CCFE00CE9AA6 /* JavaScriptCore.framework */,
				18B23D001D41CCE900CE9AA6 /* libstdc++.tbd */,
				18B23CFE1D41CCDB00CE9AA6 /* libz.tbd */,
				18B23CFC1D41CCD000CE9AA6 /* libicucore.tbd */,
				5FF0E0FFA8A85449D3B61F59 /* libPods.a */,
			);
			name = Frameworks;
			sourceTree = "<group>";
		};
		AE2987571D4C9ACD00B50AC2 /* Foundation */ = {
			isa = PBXGroup;
			children = (
				AE29875D1D4C9B6600B50AC2 /* TPFoundation.h */,
				AE29875E1D4C9E8A00B50AC2 /* TPBaseViewController */,
				AE2987591D4C9B0A00B50AC2 /* TPCategory */,
			);
			path = Foundation;
			sourceTree = "<group>";
		};
		AE2987591D4C9B0A00B50AC2 /* TPCategory */ = {
			isa = PBXGroup;
			children = (
				1810D9C41D58902400C1DB65 /* NSString+DZCategory.h */,
				1810D9C51D58902400C1DB65 /* NSString+DZCategory.m */,
				AE6E9B6A1D4DD4180080116A /* UIButton+FillColor.h */,
				AE6E9B6B1D4DD4180080116A /* UIButton+FillColor.m */,
				18D8679A1D5984E000686AB2 /* UIColor+Hex.h */,
				18D8679B1D5984E000686AB2 /* UIColor+Hex.m */,
				AE29875A1D4C9B3600B50AC2 /* UIViewController+NavBarHidden.h */,
				AE29875B1D4C9B3600B50AC2 /* UIViewController+NavBarHidden.m */,
			);
			path = TPCategory;
			sourceTree = "<group>";
		};
		AE29875E1D4C9E8A00B50AC2 /* TPBaseViewController */ = {
			isa = PBXGroup;
			children = (
				AE29875F1D4C9EF300B50AC2 /* TPBaseViewController.h */,
				AE2987601D4C9EF300B50AC2 /* TPBaseViewController.m */,
			);
			name = TPBaseViewController;
			sourceTree = "<group>";
		};
		AE2987621D4CAE1400B50AC2 /* 历史记录 */ = {
			isa = PBXGroup;
			children = (
				AE2987671D4CAE5F00B50AC2 /* Model */,
				AE2987661D4CAE5600B50AC2 /* View */,
				AE2987651D4CAE4C00B50AC2 /* ViewController */,
			);
			name = "历史记录";
			sourceTree = "<group>";
		};
		AE2987631D4CAE2400B50AC2 /* 退烧攻略 */ = {
			isa = PBXGroup;
			children = (
				AE29876A1D4CAE7400B50AC2 /* Model */,
				AE2987691D4CAE6E00B50AC2 /* View */,
				AE2987681D4CAE6800B50AC2 /* ViewController */,
			);
			name = "退烧攻略";
			sourceTree = "<group>";
		};
		AE2987641D4CAE2D00B50AC2 /* 系统设置 */ = {
			isa = PBXGroup;
			children = (
				180912471D66EEBC003F51A5 /* 设备信息 */,
				180912301D66BA98003F51A5 /* 免责声明 */,
				18FFB3A61D5C4E5500EFE0D3 /* 温度超限报警设置 */,
				AE29876D1D4CAE8D00B50AC2 /* Model */,
				AE29876C1D4CAE8300B50AC2 /* View */,
				AE29876B1D4CAE7D00B50AC2 /* ViewController */,
			);
			name = "系统设置";
			sourceTree = "<group>";
		};
		AE2987651D4CAE4C00B50AC2 /* ViewController */ = {
			isa = PBXGroup;
			children = (
				187550E61D5D98C700648557 /* TPTHistoryVC.h */,
				187550E71D5D98C700648557 /* TPTHistoryVC.m */,
			);
			name = ViewController;
			sourceTree = "<group>";
		};
		AE2987661D4CAE5600B50AC2 /* View */ = {
			isa = PBXGroup;
			children = (
				187550F41D5DB3B700648557 /* TPTHistoryCell.h */,
				187550F51D5DB3B700648557 /* TPTHistoryCell.m */,
				187550F61D5DB3B700648557 /* TPTHistoryCell.xib */,
			);
			name = View;
			sourceTree = "<group>";
		};
		AE2987671D4CAE5F00B50AC2 /* Model */ = {
			isa = PBXGroup;
			children = (
			);
			name = Model;
			sourceTree = "<group>";
		};
		AE2987681D4CAE6800B50AC2 /* ViewController */ = {
			isa = PBXGroup;
			children = (
				AE6E9B611D4DBF870080116A /* TPTuiViewController.h */,
				AE6E9B621D4DBF870080116A /* TPTuiViewController.m */,
			);
			name = ViewController;
			sourceTree = "<group>";
		};
		AE2987691D4CAE6E00B50AC2 /* View */ = {
			isa = PBXGroup;
			children = (
				AE6E9B641D4DC5C40080116A /* TPTuiSelectView.h */,
				AE6E9B651D4DC5C40080116A /* TPTuiSelectView.m */,
				AE6E9B721D4DDC820080116A /* TPTuiCell.h */,
				AE6E9B711D4DDC820080116A /* TPTuiCell.m */,
				AE6E9B701D4DDC820080116A /* TPTuiCell.xib */,
			);
			name = View;
			sourceTree = "<group>";
		};
		AE29876A1D4CAE7400B50AC2 /* Model */ = {
			isa = PBXGroup;
			children = (
			);
			name = Model;
			sourceTree = "<group>";
		};
		AE29876B1D4CAE7D00B50AC2 /* ViewController */ = {
			isa = PBXGroup;
			children = (
				18FD053F1D5B3AC9009D4B16 /* TPTSetUpVC.h */,
				18FD05401D5B3AC9009D4B16 /* TPTSetUpVC.m */,
			);
			name = ViewController;
			sourceTree = "<group>";
		};
		AE29876C1D4CAE8300B50AC2 /* View */ = {
			isa = PBXGroup;
			children = (
				18FFB3A11D5C28BB00EFE0D3 /* CustomSwitch.h */,
				18FFB3A21D5C28BB00EFE0D3 /* CustomSwitch.m */,
				18FFB3A31D5C28BB00EFE0D3 /* CustomSwitch.xib */,
				18FD05421D5B3B1B009D4B16 /* TPTSetupCell.h */,
				18FD05431D5B3B1B009D4B16 /* TPTSetupCell.m */,
				18FD05441D5B3B1B009D4B16 /* TPTSetupCell.xib */,
				18FD05471D5B3B5C009D4B16 /* TPTSetEleCell.h */,
				18FD05481D5B3B5C009D4B16 /* TPTSetEleCell.m */,
				18FD05491D5B3B5C009D4B16 /* TPTSetEleCell.xib */,
				18FD054C1D5B3B71009D4B16 /* TPTSetOtherCell.h */,
				18FD054D1D5B3B71009D4B16 /* TPTSetOtherCell.m */,
				18FD054E1D5B3B71009D4B16 /* TPTSetOtherCell.xib */,
			);
			name = View;
			sourceTree = "<group>";
		};
		AE29876D1D4CAE8D00B50AC2 /* Model */ = {
			isa = PBXGroup;
			children = (
			);
			name = Model;
			sourceTree = "<group>";
		};
/* End PBXGroup section */

/* Begin PBXNativeTarget section */
		18E560C91D3DBB930053B9A4 /* tpt */ = {
			isa = PBXNativeTarget;
			buildConfigurationList = 18E560F71D3DBB930053B9A4 /* Build configuration list for PBXNativeTarget "tpt" */;
			buildPhases = (
				B33821B4278A8F56BABC0EAC /* Check Pods Manifest.lock */,
				18E560C61D3DBB930053B9A4 /* Sources */,
				18E560C71D3DBB930053B9A4 /* Frameworks */,
				18E560C81D3DBB930053B9A4 /* Resources */,
				B8BDAF57F9783D36D0D8BC32 /* Copy Pods Resources */,
			);
			buildRules = (
			);
			dependencies = (
			);
			name = tpt;
			productName = tpt;
			productReference = 18E560CA1D3DBB930053B9A4 /* tpt.app */;
			productType = "com.apple.product-type.application";
		};
		18E560E21D3DBB930053B9A4 /* tptTests */ = {
			isa = PBXNativeTarget;
			buildConfigurationList = 18E560FA1D3DBB930053B9A4 /* Build configuration list for PBXNativeTarget "tptTests" */;
			buildPhases = (
				18E560DF1D3DBB930053B9A4 /* Sources */,
				18E560E01D3DBB930053B9A4 /* Frameworks */,
				18E560E11D3DBB930053B9A4 /* Resources */,
			);
			buildRules = (
			);
			dependencies = (
				18E560E51D3DBB930053B9A4 /* PBXTargetDependency */,
			);
			name = tptTests;
			productName = tptTests;
			productReference = 18E560E31D3DBB930053B9A4 /* tptTests.xctest */;
			productType = "com.apple.product-type.bundle.unit-test";
		};
		18E560ED1D3DBB930053B9A4 /* tptUITests */ = {
			isa = PBXNativeTarget;
			buildConfigurationList = 18E560FD1D3DBB930053B9A4 /* Build configuration list for PBXNativeTarget "tptUITests" */;
			buildPhases = (
				18E560EA1D3DBB930053B9A4 /* Sources */,
				18E560EB1D3DBB930053B9A4 /* Frameworks */,
				18E560EC1D3DBB930053B9A4 /* Resources */,
			);
			buildRules = (
			);
			dependencies = (
				18E560F01D3DBB930053B9A4 /* PBXTargetDependency */,
			);
			name = tptUITests;
			productName = tptUITests;
			productReference = 18E560EE1D3DBB930053B9A4 /* tptUITests.xctest */;
			productType = "com.apple.product-type.bundle.ui-testing";
		};
/* End PBXNativeTarget section */

/* Begin PBXProject section */
		18E560C21D3DBB930053B9A4 /* Project object */ = {
			isa = PBXProject;
			attributes = {
				LastUpgradeCheck = 0720;
				ORGANIZATIONNAME = MDJ;
				TargetAttributes = {
					18E560C91D3DBB930053B9A4 = {
						CreatedOnToolsVersion = 7.2;
					};
					18E560E21D3DBB930053B9A4 = {
						CreatedOnToolsVersion = 7.2;
						TestTargetID = 18E560C91D3DBB930053B9A4;
					};
					18E560ED1D3DBB930053B9A4 = {
						CreatedOnToolsVersion = 7.2;
						TestTargetID = 18E560C91D3DBB930053B9A4;
					};
				};
			};
			buildConfigurationList = 18E560C51D3DBB930053B9A4 /* Build configuration list for PBXProject "tpt" */;
			compatibilityVersion = "Xcode 3.2";
			developmentRegion = English;
			hasScannedForEncodings = 0;
			knownRegions = (
				en,
				Base,
			);
			mainGroup = 18E560C11D3DBB930053B9A4;
			productRefGroup = 18E560CB1D3DBB930053B9A4 /* Products */;
			projectDirPath = "";
			projectRoot = "";
			targets = (
				18E560C91D3DBB930053B9A4 /* tpt */,
				18E560E21D3DBB930053B9A4 /* tptTests */,
				18E560ED1D3DBB930053B9A4 /* tptUITests */,
			);
		};
/* End PBXProject section */

/* Begin PBXResourcesBuildPhase section */
		18E560C81D3DBB930053B9A4 /* Resources */ = {
			isa = PBXResourcesBuildPhase;
			buildActionMask = 2147483647;
			files = (
				1810D9C01D587F4600C1DB65 /* 气泡.png in Resources */,
				18B23CF11D41CC3B00CE9AA6 /* ShareSDKUI.bundle in Resources */,
				18FFB3B41D5C831800EFE0D3 /* alertSetOneCell.xib in Resources */,
				18FD05461D5B3B1B009D4B16 /* TPTSetupCell.xib in Resources */,
				18E560DD1D3DBB930053B9A4 /* LaunchScreen.storyboard in Resources */,
				18FD05501D5B3B71009D4B16 /* TPTSetOtherCell.xib in Resources */,
				18B953641D49CF5400F2221C /* TPLeftCell.xib in Resources */,
				18E560DA1D3DBB930053B9A4 /* Assets.xcassets in Resources */,
				AE6E9B731D4DDC820080116A /* TPTuiCell.xib in Resources */,
				18B23CF41D41CC3B00CE9AA6 /* TencentOpenApi_IOS_Bundle.bundle in Resources */,
				18B23CFA1D41CC3C00CE9AA6 /* ShareSDK.bundle in Resources */,
				180912391D66BC1D003F51A5 /* TPTdutyCell.xib in Resources */,
				18E560D81D3DBB930053B9A4 /* Main.storyboard in Resources */,
				18FFB3BE1D5C834400EFE0D3 /* alertSetThreeCell.xib in Resources */,
				18FD054B1D5B3B5C009D4B16 /* TPTSetEleCell.xib in Resources */,
				18B23CF81D41CC3C00CE9AA6 /* README.txt in Resources */,
				18FFB3C31D5C835400EFE0D3 /* alertSetFreeCell.xib in Resources */,
				18FFB3B91D5C833300EFE0D3 /* alertSetTwoCell.xib in Resources */,
				18B23CF61D41CC3B00CE9AA6 /* WeiboSDK.bundle in Resources */,
				18FFB3A51D5C28BB00EFE0D3 /* CustomSwitch.xib in Resources */,
				187550F81D5DB3B700648557 /* TPTHistoryCell.xib in Resources */,
				1809122F1D66B74A003F51A5 /* bg.png in Resources */,
				18D8679E1D59CE1F00686AB2 /* TPtui.plist in Resources */,
			);
			runOnlyForDeploymentPostprocessing = 0;
		};
		18E560E11D3DBB930053B9A4 /* Resources */ = {
			isa = PBXResourcesBuildPhase;
			buildActionMask = 2147483647;
			files = (
			);
			runOnlyForDeploymentPostprocessing = 0;
		};
		18E560EC1D3DBB930053B9A4 /* Resources */ = {
			isa = PBXResourcesBuildPhase;
			buildActionMask = 2147483647;
			files = (
			);
			runOnlyForDeploymentPostprocessing = 0;
		};
/* End PBXResourcesBuildPhase section */

/* Begin PBXShellScriptBuildPhase section */
		B33821B4278A8F56BABC0EAC /* Check Pods Manifest.lock */ = {
			isa = PBXShellScriptBuildPhase;
			buildActionMask = 2147483647;
			files = (
			);
			inputPaths = (
			);
			name = "Check Pods Manifest.lock";
			outputPaths = (
			);
			runOnlyForDeploymentPostprocessing = 0;
			shellPath = /bin/sh;
			shellScript = "diff \"${PODS_ROOT}/../Podfile.lock\" \"${PODS_ROOT}/Manifest.lock\" > /dev/null\nif [[ $? != 0 ]] ; then\n    cat << EOM\nerror: The sandbox is not in sync with the Podfile.lock. Run 'pod install' or update your CocoaPods installation.\nEOM\n    exit 1\nfi\n";
			showEnvVarsInLog = 0;
		};
		B8BDAF57F9783D36D0D8BC32 /* Copy Pods Resources */ = {
			isa = PBXShellScriptBuildPhase;
			buildActionMask = 2147483647;
			files = (
			);
			inputPaths = (
			);
			name = "Copy Pods Resources";
			outputPaths = (
			);
			runOnlyForDeploymentPostprocessing = 0;
			shellPath = /bin/sh;
			shellScript = "\"${SRCROOT}/Pods/Target Support Files/Pods/Pods-resources.sh\"\n";
			showEnvVarsInLog = 0;
		};
/* End PBXShellScriptBuildPhase section */

/* Begin PBXSourcesBuildPhase section */
		18E560C61D3DBB930053B9A4 /* Sources */ = {
			isa = PBXSourcesBuildPhase;
			buildActionMask = 2147483647;
			files = (
				18A3E0291D49EFB600FCFF01 /* XPQRotateDials.m in Sources */,
				18E561211D3E01FF0053B9A4 /* BabyDefine.m in Sources */,
				1809124E1D66EF42003F51A5 /* TPTDeviceInfoCell.m in Sources */,
				180912511D66F724003F51A5 /* ZCUserModel.m in Sources */,
				180912381D66BC1D003F51A5 /* TPTdutyCell.m in Sources */,
				18D8679C1D5984E000686AB2 /* UIColor+Hex.m in Sources */,
				18E5611E1D3E01FF0053B9A4 /* BabyBluetooth.m in Sources */,
				18E5610A1D3DF6D90053B9A4 /* HYBNetworking.m in Sources */,
				1809124A1D66EF1A003F51A5 /* TPTDeviceInfoVC.m in Sources */,
				180909251D48CE69004C47F9 /* MCOtherViewController.m in Sources */,
				18E560D21D3DBB930053B9A4 /* AppDelegate.m in Sources */,
				180912441D66D915003F51A5 /* UITableViewCell+WHC_AutoHeightForCell.m in Sources */,
				187550EC1D5D9DE500648557 /* WBCacheTool.m in Sources */,
				18E561231D3E01FF0053B9A4 /* BabyPeripheralManager.m in Sources */,
				18B953631D49CF5400F2221C /* TPLeftCell.m in Sources */,
				187550F71D5DB3B700648557 /* TPTHistoryCell.m in Sources */,
				187550E81D5D98C700648557 /* TPTHistoryVC.m in Sources */,
				1810D9BC1D587F4600C1DB65 /* SNChart.m in Sources */,
				18FD05451D5B3B1B009D4B16 /* TPTSetupCell.m in Sources */,
				18FD05411D5B3AC9009D4B16 /* TPTSetUpVC.m in Sources */,
				AE6E9B741D4DDC820080116A /* TPTuiCell.m in Sources */,
				1872A2C11D619E610049C7FE /* TPChartLine.m in Sources */,
				180912331D66BB1D003F51A5 /* TPTDutyVC.m in Sources */,
				AE6E9B631D4DBF870080116A /* TPTuiViewController.m in Sources */,
				1810D9C61D58902400C1DB65 /* NSString+DZCategory.m in Sources */,
				180912461D66D915003F51A5 /* WHC_StackView.m in Sources */,
				18FFB3BD1D5C834400EFE0D3 /* alertSetThreeCell.m in Sources */,
				AE6E9B6C1D4DD4180080116A /* UIButton+FillColor.m in Sources */,
				18E5611F1D3E01FF0053B9A4 /* BabyCallback.m in Sources */,
				1809091A1D48CC0B004C47F9 /* MCFirstPageVIewController.m in Sources */,
				1872A2BE1D619E4A0049C7FE /* TPChart.m in Sources */,
				18FFB3C21D5C835400EFE0D3 /* alertSetFreeCell.m in Sources */,
				18E561201D3E01FF0053B9A4 /* BabyCentralManager.m in Sources */,
				1809122D1D66B370003F51A5 /* CustomAlertView.m in Sources */,
				1810D9BD1D587F4600C1DB65 /* SNChartBar.m in Sources */,
				1810D9C31D588AEE00C1DB65 /* TPTool.m in Sources */,
				18E561221D3E01FF0053B9A4 /* BabyOptions.m in Sources */,
				18FFB3B81D5C833300EFE0D3 /* alertSetTwoCell.m in Sources */,
				1810D9BE1D587F4600C1DB65 /* SNChartLine.m in Sources */,
				18E561251D3E01FF0053B9A4 /* BabySpeaker.m in Sources */,
				180912451D66D915003F51A5 /* UIView+WHC_AutoLayout.m in Sources */,
				180909211D48CD06004C47F9 /* MCMainNavgationVC.m in Sources */,
				AE29875C1D4C9B3600B50AC2 /* UIViewController+NavBarHidden.m in Sources */,
				AE2987611D4C9EF300B50AC2 /* TPBaseViewController.m in Sources */,
				180909151D48CBF7004C47F9 /* MCLeftSliderManager.m in Sources */,
				1809123C1D66D8F3003F51A5 /* TPTNewDutyCell.m in Sources */,
				1809091D1D48CC5E004C47F9 /* MCLeftSortsViewController.m in Sources */,
				18E561241D3E01FF0053B9A4 /* BabyRhythm.m in Sources */,
				18E561261D3E01FF0053B9A4 /* BabyToy.m in Sources */,
				18FD054A1D5B3B5C009D4B16 /* TPTSetEleCell.m in Sources */,
				AE6E9B661D4DC5C40080116A /* TPTuiSelectView.m in Sources */,
				18B23D161D41D2D100CE9AA6 /* AppDelegate+shareSDK.m in Sources */,
				18FFB3AF1D5C52C400EFE0D3 /* TPTAlertSetupVC.m in Sources */,
				1810D9BF1D587F4600C1DB65 /* UIBezierPath+curved.m in Sources */,
				187550EF1D5D9E3C00648557 /* WBTemperature.m in Sources */,
				180909161D48CBF7004C47F9 /* MCLeftSlideViewController.m in Sources */,
				18FD054F1D5B3B71009D4B16 /* TPTSetOtherCell.m in Sources */,
				1869DD7E1D40C21700BA6526 /* PeripheralInfo.m in Sources */,
				187550F31D5DA6EC00648557 /* TPTStateCacheTool.m in Sources */,
				18FFB3B31D5C831800EFE0D3 /* alertSetOneCell.m in Sources */,
				18E560CF1D3DBB930053B9A4 /* main.m in Sources */,
				180909141D48CBF7004C47F9 /* MCContent.m in Sources */,
				AE6E9B6F1D4DD99D0080116A /* UIView_extra.m in Sources */,
				18D867A21D59E35100686AB2 /* IGDisplayer.m in Sources */,
				18FFB3A41D5C28BB00EFE0D3 /* CustomSwitch.m in Sources */,
			);
			runOnlyForDeploymentPostprocessing = 0;
		};
		18E560DF1D3DBB930053B9A4 /* Sources */ = {
			isa = PBXSourcesBuildPhase;
			buildActionMask = 2147483647;
			files = (
				18E560E81D3DBB930053B9A4 /* tptTests.m in Sources */,
			);
			runOnlyForDeploymentPostprocessing = 0;
		};
		18E560EA1D3DBB930053B9A4 /* Sources */ = {
			isa = PBXSourcesBuildPhase;
			buildActionMask = 2147483647;
			files = (
				18E560F31D3DBB930053B9A4 /* tptUITests.m in Sources */,
			);
			runOnlyForDeploymentPostprocessing = 0;
		};
/* End PBXSourcesBuildPhase section */

/* Begin PBXTargetDependency section */
		18E560E51D3DBB930053B9A4 /* PBXTargetDependency */ = {
			isa = PBXTargetDependency;
			target = 18E560C91D3DBB930053B9A4 /* tpt */;
			targetProxy = 18E560E41D3DBB930053B9A4 /* PBXContainerItemProxy */;
		};
		18E560F01D3DBB930053B9A4 /* PBXTargetDependency */ = {
			isa = PBXTargetDependency;
			target = 18E560C91D3DBB930053B9A4 /* tpt */;
			targetProxy = 18E560EF1D3DBB930053B9A4 /* PBXContainerItemProxy */;
		};
/* End PBXTargetDependency section */

/* Begin PBXVariantGroup section */
		18E560D61D3DBB930053B9A4 /* Main.storyboard */ = {
			isa = PBXVariantGroup;
			children = (
				18E560D71D3DBB930053B9A4 /* Base */,
				180908E61D48AB31004C47F9 /* zh-Hans */,
			);
			name = Main.storyboard;
			sourceTree = "<group>";
		};
		18E560DB1D3DBB930053B9A4 /* LaunchScreen.storyboard */ = {
			isa = PBXVariantGroup;
			children = (
				18E560DC1D3DBB930053B9A4 /* Base */,
				180908E51D48AB31004C47F9 /* zh-Hans */,
			);
			name = LaunchScreen.storyboard;
			sourceTree = "<group>";
		};
/* End PBXVariantGroup section */

/* Begin XCBuildConfiguration section */
		18E560F51D3DBB930053B9A4 /* Debug */ = {
			isa = XCBuildConfiguration;
			buildSettings = {
				ALWAYS_SEARCH_USER_PATHS = NO;
				CLANG_CXX_LANGUAGE_STANDARD = "gnu++0x";
				CLANG_CXX_LIBRARY = "libc++";
				CLANG_ENABLE_MODULES = YES;
				CLANG_ENABLE_OBJC_ARC = YES;
				CLANG_WARN_BOOL_CONVERSION = YES;
				CLANG_WARN_CONSTANT_CONVERSION = YES;
				CLANG_WARN_DIRECT_OBJC_ISA_USAGE = YES_ERROR;
				CLANG_WARN_EMPTY_BODY = YES;
				CLANG_WARN_ENUM_CONVERSION = YES;
				CLANG_WARN_INT_CONVERSION = YES;
				CLANG_WARN_OBJC_ROOT_CLASS = YES_ERROR;
				CLANG_WARN_UNREACHABLE_CODE = YES;
				CLANG_WARN__DUPLICATE_METHOD_MATCH = YES;
				"CODE_SIGN_IDENTITY[sdk=iphoneos*]" = "iPhone Developer";
				COPY_PHASE_STRIP = NO;
				DEBUG_INFORMATION_FORMAT = dwarf;
				ENABLE_STRICT_OBJC_MSGSEND = YES;
				ENABLE_TESTABILITY = YES;
				GCC_C_LANGUAGE_STANDARD = gnu99;
				GCC_DYNAMIC_NO_PIC = NO;
				GCC_NO_COMMON_BLOCKS = YES;
				GCC_OPTIMIZATION_LEVEL = 0;
				GCC_PREPROCESSOR_DEFINITIONS = (
					"DEBUG=1",
					"$(inherited)",
				);
				GCC_WARN_64_TO_32_BIT_CONVERSION = YES;
				GCC_WARN_ABOUT_RETURN_TYPE = YES_ERROR;
				GCC_WARN_UNDECLARED_SELECTOR = YES;
				GCC_WARN_UNINITIALIZED_AUTOS = YES_AGGRESSIVE;
				GCC_WARN_UNUSED_FUNCTION = YES;
				GCC_WARN_UNUSED_VARIABLE = YES;
				IPHONEOS_DEPLOYMENT_TARGET = 9.2;
				MTL_ENABLE_DEBUG_INFO = YES;
				ONLY_ACTIVE_ARCH = YES;
				SDKROOT = iphoneos;
			};
			name = Debug;
		};
		18E560F61D3DBB930053B9A4 /* Release */ = {
			isa = XCBuildConfiguration;
			buildSettings = {
				ALWAYS_SEARCH_USER_PATHS = NO;
				CLANG_CXX_LANGUAGE_STANDARD = "gnu++0x";
				CLANG_CXX_LIBRARY = "libc++";
				CLANG_ENABLE_MODULES = YES;
				CLANG_ENABLE_OBJC_ARC = YES;
				CLANG_WARN_BOOL_CONVERSION = YES;
				CLANG_WARN_CONSTANT_CONVERSION = YES;
				CLANG_WARN_DIRECT_OBJC_ISA_USAGE = YES_ERROR;
				CLANG_WARN_EMPTY_BODY = YES;
				CLANG_WARN_ENUM_CONVERSION = YES;
				CLANG_WARN_INT_CONVERSION = YES;
				CLANG_WARN_OBJC_ROOT_CLASS = YES_ERROR;
				CLANG_WARN_UNREACHABLE_CODE = YES;
				CLANG_WARN__DUPLICATE_METHOD_MATCH = YES;
				"CODE_SIGN_IDENTITY[sdk=iphoneos*]" = "iPhone Developer";
				COPY_PHASE_STRIP = NO;
				DEBUG_INFORMATION_FORMAT = "dwarf-with-dsym";
				ENABLE_NS_ASSERTIONS = NO;
				ENABLE_STRICT_OBJC_MSGSEND = YES;
				GCC_C_LANGUAGE_STANDARD = gnu99;
				GCC_NO_COMMON_BLOCKS = YES;
				GCC_WARN_64_TO_32_BIT_CONVERSION = YES;
				GCC_WARN_ABOUT_RETURN_TYPE = YES_ERROR;
				GCC_WARN_UNDECLARED_SELECTOR = YES;
				GCC_WARN_UNINITIALIZED_AUTOS = YES_AGGRESSIVE;
				GCC_WARN_UNUSED_FUNCTION = YES;
				GCC_WARN_UNUSED_VARIABLE = YES;
				IPHONEOS_DEPLOYMENT_TARGET = 9.2;
				MTL_ENABLE_DEBUG_INFO = NO;
				SDKROOT = iphoneos;
				VALIDATE_PRODUCT = YES;
			};
			name = Release;
		};
		18E560F81D3DBB930053B9A4 /* Debug */ = {
			isa = XCBuildConfiguration;
			baseConfigurationReference = FFAD3A748BD7A4AAE36505A0 /* Pods.debug.xcconfig */;
			buildSettings = {
				ASSETCATALOG_COMPILER_APPICON_NAME = AppIcon;
				ENABLE_BITCODE = NO;
				FRAMEWORK_SEARCH_PATHS = (
					"$(inherited)",
					"$(PROJECT_DIR)/tpt/Dependency/ShareSDK",
					"$(PROJECT_DIR)/tpt/Dependency/ShareSDK/Support/Optional",
					"$(PROJECT_DIR)/tpt/Dependency/ShareSDK/Support/PlatformSDK/QQSDK",
					"$(PROJECT_DIR)/tpt/Dependency/ShareSDK/Support/Required",
					"$(SDKROOT)$(SYSTEM_LIBRARY_DIR)/PrivateFrameworks",
				);
				GCC_PREFIX_HEADER = "$(SRCROOT)/tpt/PrefixHeader.pch";
				INFOPLIST_FILE = tpt/Info.plist;
				IPHONEOS_DEPLOYMENT_TARGET = 7.0;
				LD_RUNPATH_SEARCH_PATHS = "$(inherited) @executable_path/Frameworks";
				LIBRARY_SEARCH_PATHS = (
					"$(inherited)",
					"$(PROJECT_DIR)/tpt/Dependency/ShareSDK/Support/PlatformSDK/SinaWeiboSDK",
					"$(PROJECT_DIR)/tpt/Dependency/ShareSDK/Support/PlatformSDK/WeChatSDK",
					"$(PROJECT_DIR)/tpt/Class",
				);
				PRODUCT_BUNDLE_IDENTIFIER = com.quarks.tpt;
				PRODUCT_NAME = "$(TARGET_NAME)";
			};
			name = Debug;
		};
		18E560F91D3DBB930053B9A4 /* Release */ = {
			isa = XCBuildConfiguration;
			baseConfigurationReference = 43805D7A71E5C6F3FE52C4CF /* Pods.release.xcconfig */;
			buildSettings = {
				ASSETCATALOG_COMPILER_APPICON_NAME = AppIcon;
				ENABLE_BITCODE = NO;
				FRAMEWORK_SEARCH_PATHS = (
					"$(inherited)",
					"$(PROJECT_DIR)/tpt/Dependency/ShareSDK",
					"$(PROJECT_DIR)/tpt/Dependency/ShareSDK/Support/Optional",
					"$(PROJECT_DIR)/tpt/Dependency/ShareSDK/Support/PlatformSDK/QQSDK",
					"$(PROJECT_DIR)/tpt/Dependency/ShareSDK/Support/Required",
					"$(SDKROOT)$(SYSTEM_LIBRARY_DIR)/PrivateFrameworks",
				);
				GCC_PREFIX_HEADER = "$(SRCROOT)/tpt/PrefixHeader.pch";
				INFOPLIST_FILE = tpt/Info.plist;
				IPHONEOS_DEPLOYMENT_TARGET = 7.0;
				LD_RUNPATH_SEARCH_PATHS = "$(inherited) @executable_path/Frameworks";
				LIBRARY_SEARCH_PATHS = (
					"$(inherited)",
					"$(PROJECT_DIR)/tpt/Dependency/ShareSDK/Support/PlatformSDK/SinaWeiboSDK",
					"$(PROJECT_DIR)/tpt/Dependency/ShareSDK/Support/PlatformSDK/WeChatSDK",
					"$(PROJECT_DIR)/tpt/Class",
				);
				PRODUCT_BUNDLE_IDENTIFIER = com.quarks.tpt;
				PRODUCT_NAME = "$(TARGET_NAME)";
			};
			name = Release;
		};
		18E560FB1D3DBB930053B9A4 /* Debug */ = {
			isa = XCBuildConfiguration;
			buildSettings = {
				BUNDLE_LOADER = "$(TEST_HOST)";
				INFOPLIST_FILE = tptTests/Info.plist;
				LD_RUNPATH_SEARCH_PATHS = "$(inherited) @executable_path/Frameworks @loader_path/Frameworks";
				PRODUCT_BUNDLE_IDENTIFIER = com.quarks.tptTests;
				PRODUCT_NAME = "$(TARGET_NAME)";
				TEST_HOST = "$(BUILT_PRODUCTS_DIR)/tpt.app/tpt";
			};
			name = Debug;
		};
		18E560FC1D3DBB930053B9A4 /* Release */ = {
			isa = XCBuildConfiguration;
			buildSettings = {
				BUNDLE_LOADER = "$(TEST_HOST)";
				INFOPLIST_FILE = tptTests/Info.plist;
				LD_RUNPATH_SEARCH_PATHS = "$(inherited) @executable_path/Frameworks @loader_path/Frameworks";
				PRODUCT_BUNDLE_IDENTIFIER = com.quarks.tptTests;
				PRODUCT_NAME = "$(TARGET_NAME)";
				TEST_HOST = "$(BUILT_PRODUCTS_DIR)/tpt.app/tpt";
			};
			name = Release;
		};
		18E560FE1D3DBB930053B9A4 /* Debug */ = {
			isa = XCBuildConfiguration;
			buildSettings = {
				INFOPLIST_FILE = tptUITests/Info.plist;
				LD_RUNPATH_SEARCH_PATHS = "$(inherited) @executable_path/Frameworks @loader_path/Frameworks";
				PRODUCT_BUNDLE_IDENTIFIER = com.quarks.tptUITests;
				PRODUCT_NAME = "$(TARGET_NAME)";
				TEST_TARGET_NAME = tpt;
				USES_XCTRUNNER = YES;
			};
			name = Debug;
		};
		18E560FF1D3DBB930053B9A4 /* Release */ = {
			isa = XCBuildConfiguration;
			buildSettings = {
				INFOPLIST_FILE = tptUITests/Info.plist;
				LD_RUNPATH_SEARCH_PATHS = "$(inherited) @executable_path/Frameworks @loader_path/Frameworks";
				PRODUCT_BUNDLE_IDENTIFIER = com.quarks.tptUITests;
				PRODUCT_NAME = "$(TARGET_NAME)";
				TEST_TARGET_NAME = tpt;
				USES_XCTRUNNER = YES;
			};
			name = Release;
		};
/* End XCBuildConfiguration section */

/* Begin XCConfigurationList section */
		18E560C51D3DBB930053B9A4 /* Build configuration list for PBXProject "tpt" */ = {
			isa = XCConfigurationList;
			buildConfigurations = (
				18E560F51D3DBB930053B9A4 /* Debug */,
				18E560F61D3DBB930053B9A4 /* Release */,
			);
			defaultConfigurationIsVisible = 0;
			defaultConfigurationName = Release;
		};
		18E560F71D3DBB930053B9A4 /* Build configuration list for PBXNativeTarget "tpt" */ = {
			isa = XCConfigurationList;
			buildConfigurations = (
				18E560F81D3DBB930053B9A4 /* Debug */,
				18E560F91D3DBB930053B9A4 /* Release */,
			);
			defaultConfigurationIsVisible = 0;
			defaultConfigurationName = Release;
		};
		18E560FA1D3DBB930053B9A4 /* Build configuration list for PBXNativeTarget "tptTests" */ = {
			isa = XCConfigurationList;
			buildConfigurations = (
				18E560FB1D3DBB930053B9A4 /* Debug */,
				18E560FC1D3DBB930053B9A4 /* Release */,
			);
			defaultConfigurationIsVisible = 0;
			defaultConfigurationName = Release;
		};
		18E560FD1D3DBB930053B9A4 /* Build configuration list for PBXNativeTarget "tptUITests" */ = {
			isa = XCConfigurationList;
			buildConfigurations = (
				18E560FE1D3DBB930053B9A4 /* Debug */,
				18E560FF1D3DBB930053B9A4 /* Release */,
			);
			defaultConfigurationIsVisible = 0;
			defaultConfigurationName = Release;
		};
/* End XCConfigurationList section */
	};
	rootObject = 18E560C21D3DBB930053B9A4 /* Project object */;
}
